PODS:
  - JSONtoCodable (2.0.3)

DEPENDENCIES:
  - JSONtoCodable

SPEC REPOS:
  https://github.com/cocoapods/specs.git:
    - JSONtoCodable

SPEC CHECKSUMS:
  JSONtoCodable: 6192212d49fe2a848c2ebf49253a883e3066a5d6

PODFILE CHECKSUM: f0a78a1328b0f8ae75213577e51a6dd001d5b639

COCOAPODS: 1.6.0.beta.1
