PODS:
  - JSONtoCodable (2.0.1)

DEPENDENCIES:
  - JSONtoCodable

SPEC REPOS:
  https://github.com/cocoapods/specs.git:
    - JSONtoCodable

SPEC CHECKSUMS:
  JSONtoCodable: cdc77208dbcf4bf6009bc17988fd4ea66f1032f7

PODFILE CHECKSUM: f0a78a1328b0f8ae75213577e51a6dd001d5b639

COCOAPODS: 1.6.0.beta.1
