PODS:
  - JSONtoCodable (2.0.2)

DEPENDENCIES:
  - JSONtoCodable

SPEC REPOS:
  https://github.com/cocoapods/specs.git:
    - JSONtoCodable

SPEC CHECKSUMS:
  JSONtoCodable: 186a7c57540c07b3a8c74af059d25109d4bc8c26

PODFILE CHECKSUM: 99baa25f1516bff6436884ffecd28ac37ba6e832

COCOAPODS: 1.6.0.beta.1
