PODS:
  - JSONtoCodable (2.0.0)

DEPENDENCIES:
  - JSONtoCodable

SPEC REPOS:
  https://github.com/cocoapods/specs.git:
    - JSONtoCodable

SPEC CHECKSUMS:
  JSONtoCodable: 61ae99a33cc3190af9cf54a902fd678a3771af67

PODFILE CHECKSUM: 99baa25f1516bff6436884ffecd28ac37ba6e832

COCOAPODS: 1.6.0.beta.1
