PODS:
  - JSONtoCodable (2.1.1)

DEPENDENCIES:
  - JSONtoCodable

SPEC REPOS:
  https://github.com/cocoapods/specs.git:
    - JSONtoCodable

SPEC CHECKSUMS:
  JSONtoCodable: b0270fcdbeb25f2de1850dfbce9dbe0da45ee81e

PODFILE CHECKSUM: 553562cd357d51760c5bc4db5f09085570595643

COCOAPODS: 1.6.0.beta.2
