// !$*UTF8*$!
{
	archiveVersion = 1;
	classes = {
	};
	objectVersion = 46;
	objects = {

/* Begin PBXBuildFile section */
		9912734A215A3B0A00D8ECE1 /* SymbolsTests.swift in Sources */ = {isa = PBXBuildFile; fileRef = 99127349215A3B0A00D8ECE1 /* SymbolsTests.swift */; };
		9912734B215A3B0A00D8ECE1 /* SymbolsTests.swift in Sources */ = {isa = PBXBuildFile; fileRef = 99127349215A3B0A00D8ECE1 /* SymbolsTests.swift */; };
		9912734C215A3B0A00D8ECE1 /* SymbolsTests.swift in Sources */ = {isa = PBXBuildFile; fileRef = 99127349215A3B0A00D8ECE1 /* SymbolsTests.swift */; };
		9912734E215A4A4100D8ECE1 /* ReservedWordsTests.swift in Sources */ = {isa = PBXBuildFile; fileRef = 9912734D215A4A4100D8ECE1 /* ReservedWordsTests.swift */; };
		9912734F215A4A4100D8ECE1 /* ReservedWordsTests.swift in Sources */ = {isa = PBXBuildFile; fileRef = 9912734D215A4A4100D8ECE1 /* ReservedWordsTests.swift */; };
		99127350215A4A4100D8ECE1 /* ReservedWordsTests.swift in Sources */ = {isa = PBXBuildFile; fileRef = 9912734D215A4A4100D8ECE1 /* ReservedWordsTests.swift */; };
		99944954215734690089A08A /* ArrayTests.swift in Sources */ = {isa = PBXBuildFile; fileRef = 99944953215734690089A08A /* ArrayTests.swift */; };
		99944955215734690089A08A /* ArrayTests.swift in Sources */ = {isa = PBXBuildFile; fileRef = 99944953215734690089A08A /* ArrayTests.swift */; };
		99944956215734690089A08A /* ArrayTests.swift in Sources */ = {isa = PBXBuildFile; fileRef = 99944953215734690089A08A /* ArrayTests.swift */; };
		99BEE699215385C000985499 /* Config.swift in Sources */ = {isa = PBXBuildFile; fileRef = 99BEE68C215385C000985499 /* Config.swift */; };
		99BEE69A215385C000985499 /* JSONtoCodable.swift in Sources */ = {isa = PBXBuildFile; fileRef = 99BEE68D215385C000985499 /* JSONtoCodable.swift */; };
		99BEE69B215385C000985499 /* LineType.swift in Sources */ = {isa = PBXBuildFile; fileRef = 99BEE68F215385C000985499 /* LineType.swift */; };
		99BEE69C215385C000985499 /* CaseType.swift in Sources */ = {isa = PBXBuildFile; fileRef = 99BEE690215385C000985499 /* CaseType.swift */; };
		99BEE69D215385C000985499 /* ErrorHandring.swift in Sources */ = {isa = PBXBuildFile; fileRef = 99BEE691215385C000985499 /* ErrorHandring.swift */; };
		99BEE69E215385C000985499 /* IndentType.swift in Sources */ = {isa = PBXBuildFile; fileRef = 99BEE692215385C000985499 /* IndentType.swift */; };
		99BEE69F215385C000985499 /* Type.swift in Sources */ = {isa = PBXBuildFile; fileRef = 99BEE693215385C000985499 /* Type.swift */; };
		99BEE6A2215385C000985499 /* String+.swift in Sources */ = {isa = PBXBuildFile; fileRef = 99BEE697215385C000985499 /* String+.swift */; };
		99BEE6AB215385CB00985499 /* TypeTests.swift in Sources */ = {isa = PBXBuildFile; fileRef = 99BEE6A8215385CB00985499 /* TypeTests.swift */; };
		99BEE6AF215386BD00985499 /* CaseTests.swift in Sources */ = {isa = PBXBuildFile; fileRef = 99BEE6AE215386BD00985499 /* CaseTests.swift */; };
		99BEE6B22153971C00985499 /* LineTests.swift in Sources */ = {isa = PBXBuildFile; fileRef = 99BEE6B12153971C00985499 /* LineTests.swift */; };
		99BEE6B421539A4200985499 /* IndentTests.swift in Sources */ = {isa = PBXBuildFile; fileRef = 99BEE6B321539A4200985499 /* IndentTests.swift */; };
		99BEE6B62153A38C00985499 /* LessParamsTests.swift in Sources */ = {isa = PBXBuildFile; fileRef = 99BEE6B52153A38C00985499 /* LessParamsTests.swift */; };
		99BEE6B82153A40A00985499 /* NoCodingkeysTests.swift in Sources */ = {isa = PBXBuildFile; fileRef = 99BEE6B72153A40A00985499 /* NoCodingkeysTests.swift */; };
		99BEE6C72153A4D300985499 /* JSONtoCodable.framework in Frameworks */ = {isa = PBXBuildFile; fileRef = 99BEE6BE2153A4D200985499 /* JSONtoCodable.framework */; };
		99BEE6D52153A52200985499 /* TypeTests.swift in Sources */ = {isa = PBXBuildFile; fileRef = 99BEE6A8215385CB00985499 /* TypeTests.swift */; };
		99BEE6D62153A52200985499 /* CaseTests.swift in Sources */ = {isa = PBXBuildFile; fileRef = 99BEE6AE215386BD00985499 /* CaseTests.swift */; };
		99BEE6D72153A52200985499 /* LineTests.swift in Sources */ = {isa = PBXBuildFile; fileRef = 99BEE6B12153971C00985499 /* LineTests.swift */; };
		99BEE6D82153A52200985499 /* IndentTests.swift in Sources */ = {isa = PBXBuildFile; fileRef = 99BEE6B321539A4200985499 /* IndentTests.swift */; };
		99BEE6D92153A52200985499 /* LessParamsTests.swift in Sources */ = {isa = PBXBuildFile; fileRef = 99BEE6B52153A38C00985499 /* LessParamsTests.swift */; };
		99BEE6DA2153A52200985499 /* NoCodingkeysTests.swift in Sources */ = {isa = PBXBuildFile; fileRef = 99BEE6B72153A40A00985499 /* NoCodingkeysTests.swift */; };
		99BEE6DB2153A53800985499 /* ErrorHandring.swift in Sources */ = {isa = PBXBuildFile; fileRef = 99BEE691215385C000985499 /* ErrorHandring.swift */; };
		99BEE6DC2153A53800985499 /* String+.swift in Sources */ = {isa = PBXBuildFile; fileRef = 99BEE697215385C000985499 /* String+.swift */; };
		99BEE6DD2153A53800985499 /* LineType.swift in Sources */ = {isa = PBXBuildFile; fileRef = 99BEE68F215385C000985499 /* LineType.swift */; };
		99BEE6DE2153A53800985499 /* CaseType.swift in Sources */ = {isa = PBXBuildFile; fileRef = 99BEE690215385C000985499 /* CaseType.swift */; };
		99BEE6DF2153A53800985499 /* IndentType.swift in Sources */ = {isa = PBXBuildFile; fileRef = 99BEE692215385C000985499 /* IndentType.swift */; };
		99BEE6E02153A53800985499 /* Type.swift in Sources */ = {isa = PBXBuildFile; fileRef = 99BEE693215385C000985499 /* Type.swift */; };
		99BEE6E22153A53800985499 /* Config.swift in Sources */ = {isa = PBXBuildFile; fileRef = 99BEE68C215385C000985499 /* Config.swift */; };
		99BEE6E32153A53800985499 /* JSONtoCodable.swift in Sources */ = {isa = PBXBuildFile; fileRef = 99BEE68D215385C000985499 /* JSONtoCodable.swift */; };
		99BEE6FF2153A56E00985499 /* JSONtoCodable.framework in Frameworks */ = {isa = PBXBuildFile; fileRef = 99BEE6F62153A56E00985499 /* JSONtoCodable.framework */; };
		99BEE70D2153A5D400985499 /* ErrorHandring.swift in Sources */ = {isa = PBXBuildFile; fileRef = 99BEE691215385C000985499 /* ErrorHandring.swift */; };
		99BEE70E2153A5D400985499 /* String+.swift in Sources */ = {isa = PBXBuildFile; fileRef = 99BEE697215385C000985499 /* String+.swift */; };
		99BEE70F2153A5D400985499 /* LineType.swift in Sources */ = {isa = PBXBuildFile; fileRef = 99BEE68F215385C000985499 /* LineType.swift */; };
		99BEE7102153A5D400985499 /* CaseType.swift in Sources */ = {isa = PBXBuildFile; fileRef = 99BEE690215385C000985499 /* CaseType.swift */; };
		99BEE7112153A5D400985499 /* IndentType.swift in Sources */ = {isa = PBXBuildFile; fileRef = 99BEE692215385C000985499 /* IndentType.swift */; };
		99BEE7122153A5D400985499 /* Type.swift in Sources */ = {isa = PBXBuildFile; fileRef = 99BEE693215385C000985499 /* Type.swift */; };
		99BEE7142153A5D400985499 /* Config.swift in Sources */ = {isa = PBXBuildFile; fileRef = 99BEE68C215385C000985499 /* Config.swift */; };
		99BEE7152153A5D400985499 /* JSONtoCodable.swift in Sources */ = {isa = PBXBuildFile; fileRef = 99BEE68D215385C000985499 /* JSONtoCodable.swift */; };
		99BEE7162153A5D500985499 /* ErrorHandring.swift in Sources */ = {isa = PBXBuildFile; fileRef = 99BEE691215385C000985499 /* ErrorHandring.swift */; };
		99BEE7172153A5D500985499 /* String+.swift in Sources */ = {isa = PBXBuildFile; fileRef = 99BEE697215385C000985499 /* String+.swift */; };
		99BEE7182153A5D500985499 /* LineType.swift in Sources */ = {isa = PBXBuildFile; fileRef = 99BEE68F215385C000985499 /* LineType.swift */; };
		99BEE7192153A5D500985499 /* CaseType.swift in Sources */ = {isa = PBXBuildFile; fileRef = 99BEE690215385C000985499 /* CaseType.swift */; };
		99BEE71A2153A5D500985499 /* IndentType.swift in Sources */ = {isa = PBXBuildFile; fileRef = 99BEE692215385C000985499 /* IndentType.swift */; };
		99BEE71B2153A5D500985499 /* Type.swift in Sources */ = {isa = PBXBuildFile; fileRef = 99BEE693215385C000985499 /* Type.swift */; };
		99BEE71D2153A5D500985499 /* Config.swift in Sources */ = {isa = PBXBuildFile; fileRef = 99BEE68C215385C000985499 /* Config.swift */; };
		99BEE71E2153A5D500985499 /* JSONtoCodable.swift in Sources */ = {isa = PBXBuildFile; fileRef = 99BEE68D215385C000985499 /* JSONtoCodable.swift */; };
		99BEE71F2153A5DA00985499 /* TypeTests.swift in Sources */ = {isa = PBXBuildFile; fileRef = 99BEE6A8215385CB00985499 /* TypeTests.swift */; };
		99BEE7202153A5DA00985499 /* CaseTests.swift in Sources */ = {isa = PBXBuildFile; fileRef = 99BEE6AE215386BD00985499 /* CaseTests.swift */; };
		99BEE7212153A5DA00985499 /* LineTests.swift in Sources */ = {isa = PBXBuildFile; fileRef = 99BEE6B12153971C00985499 /* LineTests.swift */; };
		99BEE7222153A5DA00985499 /* IndentTests.swift in Sources */ = {isa = PBXBuildFile; fileRef = 99BEE6B321539A4200985499 /* IndentTests.swift */; };
		99BEE7232153A5DA00985499 /* LessParamsTests.swift in Sources */ = {isa = PBXBuildFile; fileRef = 99BEE6B52153A38C00985499 /* LessParamsTests.swift */; };
		99BEE7242153A5DA00985499 /* NoCodingkeysTests.swift in Sources */ = {isa = PBXBuildFile; fileRef = 99BEE6B72153A40A00985499 /* NoCodingkeysTests.swift */; };
		99BEE72E2154943E00985499 /* JSONtoCodableTests.swift in Sources */ = {isa = PBXBuildFile; fileRef = 99BEE72D2154943E00985499 /* JSONtoCodableTests.swift */; };
		99BEE72F2154943E00985499 /* JSONtoCodableTests.swift in Sources */ = {isa = PBXBuildFile; fileRef = 99BEE72D2154943E00985499 /* JSONtoCodableTests.swift */; };
		99BEE7302154943E00985499 /* JSONtoCodableTests.swift in Sources */ = {isa = PBXBuildFile; fileRef = 99BEE72D2154943E00985499 /* JSONtoCodableTests.swift */; };
		99BEE7382154D3B700985499 /* Property.swift in Sources */ = {isa = PBXBuildFile; fileRef = 99BEE7372154D3B700985499 /* Property.swift */; };
		99BEE7392154D3B700985499 /* Property.swift in Sources */ = {isa = PBXBuildFile; fileRef = 99BEE7372154D3B700985499 /* Property.swift */; };
		99BEE73A2154D3B700985499 /* Property.swift in Sources */ = {isa = PBXBuildFile; fileRef = 99BEE7372154D3B700985499 /* Property.swift */; };
		99BEE73B2154D3B700985499 /* Property.swift in Sources */ = {isa = PBXBuildFile; fileRef = 99BEE7372154D3B700985499 /* Property.swift */; };
		99BEE73D2154E76300985499 /* NestingTests.swift in Sources */ = {isa = PBXBuildFile; fileRef = 99BEE73C2154E76300985499 /* NestingTests.swift */; };
		99BEE73E2154E76300985499 /* NestingTests.swift in Sources */ = {isa = PBXBuildFile; fileRef = 99BEE73C2154E76300985499 /* NestingTests.swift */; };
		99BEE73F2154E76300985499 /* NestingTests.swift in Sources */ = {isa = PBXBuildFile; fileRef = 99BEE73C2154E76300985499 /* NestingTests.swift */; };
		99C0F28921659CBD0018C845 /* AccessModifier.swift in Sources */ = {isa = PBXBuildFile; fileRef = 99C0F28821659CBD0018C845 /* AccessModifier.swift */; };
		99C0F28A21659CC50018C845 /* AccessModifier.swift in Sources */ = {isa = PBXBuildFile; fileRef = 99C0F28821659CBD0018C845 /* AccessModifier.swift */; };
		99C0F28B21659CC60018C845 /* AccessModifier.swift in Sources */ = {isa = PBXBuildFile; fileRef = 99C0F28821659CBD0018C845 /* AccessModifier.swift */; };
		99C0F28C21659CC70018C845 /* AccessModifier.swift in Sources */ = {isa = PBXBuildFile; fileRef = 99C0F28821659CBD0018C845 /* AccessModifier.swift */; };
		99C179D42160966800705243 /* MergeStructTests.swift in Sources */ = {isa = PBXBuildFile; fileRef = 99C179D32160966800705243 /* MergeStructTests.swift */; };
		99C179D52160966800705243 /* MergeStructTests.swift in Sources */ = {isa = PBXBuildFile; fileRef = 99C179D32160966800705243 /* MergeStructTests.swift */; };
		99C179D62160966800705243 /* MergeStructTests.swift in Sources */ = {isa = PBXBuildFile; fileRef = 99C179D32160966800705243 /* MergeStructTests.swift */; };
		99CD24DF2153275800BB5C2A /* JSONtoCodable.framework in Frameworks */ = {isa = PBXBuildFile; fileRef = 99CD24D62153275700BB5C2A /* JSONtoCodable.framework */; };
		99FB3F912158C4A600ABEA31 /* MergePropertiesTests.swift in Sources */ = {isa = PBXBuildFile; fileRef = 99FB3F902158C4A600ABEA31 /* MergePropertiesTests.swift */; };
		99FB3F922158C4A600ABEA31 /* MergePropertiesTests.swift in Sources */ = {isa = PBXBuildFile; fileRef = 99FB3F902158C4A600ABEA31 /* MergePropertiesTests.swift */; };
		99FB3F932158C4A600ABEA31 /* MergePropertiesTests.swift in Sources */ = {isa = PBXBuildFile; fileRef = 99FB3F902158C4A600ABEA31 /* MergePropertiesTests.swift */; };
		99FB3F952158D3FC00ABEA31 /* MergeWithOptionalTests.swift in Sources */ = {isa = PBXBuildFile; fileRef = 99FB3F942158D3FC00ABEA31 /* MergeWithOptionalTests.swift */; };
		99FB3F962158D3FC00ABEA31 /* MergeWithOptionalTests.swift in Sources */ = {isa = PBXBuildFile; fileRef = 99FB3F942158D3FC00ABEA31 /* MergeWithOptionalTests.swift */; };
		99FB3F972158D3FC00ABEA31 /* MergeWithOptionalTests.swift in Sources */ = {isa = PBXBuildFile; fileRef = 99FB3F942158D3FC00ABEA31 /* MergeWithOptionalTests.swift */; };
		99FB3FA82159E24500ABEA31 /* EscapeSequenceTests.swift in Sources */ = {isa = PBXBuildFile; fileRef = 99FB3FA72159E24500ABEA31 /* EscapeSequenceTests.swift */; };
		99FB3FA92159E24500ABEA31 /* EscapeSequenceTests.swift in Sources */ = {isa = PBXBuildFile; fileRef = 99FB3FA72159E24500ABEA31 /* EscapeSequenceTests.swift */; };
		99FB3FAA2159E24500ABEA31 /* EscapeSequenceTests.swift in Sources */ = {isa = PBXBuildFile; fileRef = 99FB3FA72159E24500ABEA31 /* EscapeSequenceTests.swift */; };
/* End PBXBuildFile section */

/* Begin PBXContainerItemProxy section */
		99BEE6C82153A4D300985499 /* PBXContainerItemProxy */ = {
			isa = PBXContainerItemProxy;
			containerPortal = OBJ_1 /* Project object */;
			proxyType = 1;
			remoteGlobalIDString = 99BEE6BD2153A4D200985499;
			remoteInfo = "JSONtoCodable iOS";
		};
		99BEE7002153A56E00985499 /* PBXContainerItemProxy */ = {
			isa = PBXContainerItemProxy;
			containerPortal = OBJ_1 /* Project object */;
			proxyType = 1;
			remoteGlobalIDString = 99BEE6F52153A56E00985499;
			remoteInfo = "JSONtoCodable tvOS";
		};
		99CD24E02153275800BB5C2A /* PBXContainerItemProxy */ = {
			isa = PBXContainerItemProxy;
			containerPortal = OBJ_1 /* Project object */;
			proxyType = 1;
			remoteGlobalIDString = 99CD24D52153275700BB5C2A;
			remoteInfo = "JSONtoCodable macOS";
		};
/* End PBXContainerItemProxy section */

/* Begin PBXFileReference section */
		99127349215A3B0A00D8ECE1 /* SymbolsTests.swift */ = {isa = PBXFileReference; lastKnownFileType = sourcecode.swift; path = SymbolsTests.swift; sourceTree = "<group>"; };
		9912734D215A4A4100D8ECE1 /* ReservedWordsTests.swift */ = {isa = PBXFileReference; lastKnownFileType = sourcecode.swift; path = ReservedWordsTests.swift; sourceTree = "<group>"; };
		99944953215734690089A08A /* ArrayTests.swift */ = {isa = PBXFileReference; lastKnownFileType = sourcecode.swift; path = ArrayTests.swift; sourceTree = "<group>"; };
		99BEE68C215385C000985499 /* Config.swift */ = {isa = PBXFileReference; fileEncoding = 4; lastKnownFileType = sourcecode.swift; path = Config.swift; sourceTree = "<group>"; };
		99BEE68D215385C000985499 /* JSONtoCodable.swift */ = {isa = PBXFileReference; fileEncoding = 4; lastKnownFileType = sourcecode.swift; path = JSONtoCodable.swift; sourceTree = "<group>"; };
		99BEE68F215385C000985499 /* LineType.swift */ = {isa = PBXFileReference; fileEncoding = 4; lastKnownFileType = sourcecode.swift; path = LineType.swift; sourceTree = "<group>"; };
		99BEE690215385C000985499 /* CaseType.swift */ = {isa = PBXFileReference; fileEncoding = 4; lastKnownFileType = sourcecode.swift; path = CaseType.swift; sourceTree = "<group>"; };
		99BEE691215385C000985499 /* ErrorHandring.swift */ = {isa = PBXFileReference; fileEncoding = 4; lastKnownFileType = sourcecode.swift; path = ErrorHandring.swift; sourceTree = "<group>"; };
		99BEE692215385C000985499 /* IndentType.swift */ = {isa = PBXFileReference; fileEncoding = 4; lastKnownFileType = sourcecode.swift; path = IndentType.swift; sourceTree = "<group>"; };
		99BEE693215385C000985499 /* Type.swift */ = {isa = PBXFileReference; fileEncoding = 4; lastKnownFileType = sourcecode.swift; path = Type.swift; sourceTree = "<group>"; };
		99BEE697215385C000985499 /* String+.swift */ = {isa = PBXFileReference; fileEncoding = 4; lastKnownFileType = sourcecode.swift; path = "String+.swift"; sourceTree = "<group>"; };
		99BEE698215385C000985499 /* Info.plist */ = {isa = PBXFileReference; fileEncoding = 4; lastKnownFileType = text.plist.xml; path = Info.plist; sourceTree = "<group>"; };
		99BEE6A5215385CB00985499 /* Info.plist */ = {isa = PBXFileReference; fileEncoding = 4; lastKnownFileType = text.plist.xml; path = Info.plist; sourceTree = "<group>"; };
		99BEE6A8215385CB00985499 /* TypeTests.swift */ = {isa = PBXFileReference; fileEncoding = 4; lastKnownFileType = sourcecode.swift; path = TypeTests.swift; sourceTree = "<group>"; };
		99BEE6AE215386BD00985499 /* CaseTests.swift */ = {isa = PBXFileReference; lastKnownFileType = sourcecode.swift; path = CaseTests.swift; sourceTree = "<group>"; };
		99BEE6B12153971C00985499 /* LineTests.swift */ = {isa = PBXFileReference; lastKnownFileType = sourcecode.swift; path = LineTests.swift; sourceTree = "<group>"; };
		99BEE6B321539A4200985499 /* IndentTests.swift */ = {isa = PBXFileReference; lastKnownFileType = sourcecode.swift; path = IndentTests.swift; sourceTree = "<group>"; };
		99BEE6B52153A38C00985499 /* LessParamsTests.swift */ = {isa = PBXFileReference; lastKnownFileType = sourcecode.swift; path = LessParamsTests.swift; sourceTree = "<group>"; };
		99BEE6B72153A40A00985499 /* NoCodingkeysTests.swift */ = {isa = PBXFileReference; lastKnownFileType = sourcecode.swift; path = NoCodingkeysTests.swift; sourceTree = "<group>"; };
		99BEE6BE2153A4D200985499 /* JSONtoCodable.framework */ = {isa = PBXFileReference; explicitFileType = wrapper.framework; includeInIndex = 0; path = JSONtoCodable.framework; sourceTree = BUILT_PRODUCTS_DIR; };
		99BEE6C62153A4D200985499 /* JSONtoCodable iOSTests.xctest */ = {isa = PBXFileReference; explicitFileType = wrapper.cfbundle; includeInIndex = 0; path = "JSONtoCodable iOSTests.xctest"; sourceTree = BUILT_PRODUCTS_DIR; };
		99BEE6E92153A55D00985499 /* JSONtoCodable.framework */ = {isa = PBXFileReference; explicitFileType = wrapper.framework; includeInIndex = 0; path = JSONtoCodable.framework; sourceTree = BUILT_PRODUCTS_DIR; };
		99BEE6F62153A56E00985499 /* JSONtoCodable.framework */ = {isa = PBXFileReference; explicitFileType = wrapper.framework; includeInIndex = 0; path = JSONtoCodable.framework; sourceTree = BUILT_PRODUCTS_DIR; };
		99BEE6FE2153A56E00985499 /* JSONtoCodable tvOSTests.xctest */ = {isa = PBXFileReference; explicitFileType = wrapper.cfbundle; includeInIndex = 0; path = "JSONtoCodable tvOSTests.xctest"; sourceTree = BUILT_PRODUCTS_DIR; };
		99BEE72D2154943E00985499 /* JSONtoCodableTests.swift */ = {isa = PBXFileReference; lastKnownFileType = sourcecode.swift; path = JSONtoCodableTests.swift; sourceTree = "<group>"; };
		99BEE7372154D3B700985499 /* Property.swift */ = {isa = PBXFileReference; lastKnownFileType = sourcecode.swift; path = Property.swift; sourceTree = "<group>"; };
		99BEE73C2154E76300985499 /* NestingTests.swift */ = {isa = PBXFileReference; lastKnownFileType = sourcecode.swift; path = NestingTests.swift; sourceTree = "<group>"; };
		99C0F28821659CBD0018C845 /* AccessModifier.swift */ = {isa = PBXFileReference; fileEncoding = 4; lastKnownFileType = sourcecode.swift; path = AccessModifier.swift; sourceTree = "<group>"; };
		99C179D32160966800705243 /* MergeStructTests.swift */ = {isa = PBXFileReference; lastKnownFileType = sourcecode.swift; path = MergeStructTests.swift; sourceTree = "<group>"; };
		99CD24D62153275700BB5C2A /* JSONtoCodable.framework */ = {isa = PBXFileReference; explicitFileType = wrapper.framework; includeInIndex = 0; path = JSONtoCodable.framework; sourceTree = BUILT_PRODUCTS_DIR; };
		99CD24DE2153275800BB5C2A /* JSONtoCodable macOSTests.xctest */ = {isa = PBXFileReference; explicitFileType = wrapper.cfbundle; includeInIndex = 0; path = "JSONtoCodable macOSTests.xctest"; sourceTree = BUILT_PRODUCTS_DIR; };
		99FB3F902158C4A600ABEA31 /* MergePropertiesTests.swift */ = {isa = PBXFileReference; lastKnownFileType = sourcecode.swift; path = MergePropertiesTests.swift; sourceTree = "<group>"; };
		99FB3F942158D3FC00ABEA31 /* MergeWithOptionalTests.swift */ = {isa = PBXFileReference; lastKnownFileType = sourcecode.swift; path = MergeWithOptionalTests.swift; sourceTree = "<group>"; };
		99FB3FA72159E24500ABEA31 /* EscapeSequenceTests.swift */ = {isa = PBXFileReference; lastKnownFileType = sourcecode.swift; path = EscapeSequenceTests.swift; sourceTree = "<group>"; };
		OBJ_6 /* Package.swift */ = {isa = PBXFileReference; explicitFileType = sourcecode.swift; path = Package.swift; sourceTree = "<group>"; };
/* End PBXFileReference section */

/* Begin PBXFrameworksBuildPhase section */
		99BEE6BA2153A4D200985499 /* Frameworks */ = {
			isa = PBXFrameworksBuildPhase;
			buildActionMask = 2147483647;
			files = (
			);
			runOnlyForDeploymentPostprocessing = 0;
		};
		99BEE6C32153A4D200985499 /* Frameworks */ = {
			isa = PBXFrameworksBuildPhase;
			buildActionMask = 2147483647;
			files = (
				99BEE6C72153A4D300985499 /* JSONtoCodable.framework in Frameworks */,
			);
			runOnlyForDeploymentPostprocessing = 0;
		};
		99BEE6E52153A55D00985499 /* Frameworks */ = {
			isa = PBXFrameworksBuildPhase;
			buildActionMask = 2147483647;
			files = (
			);
			runOnlyForDeploymentPostprocessing = 0;
		};
		99BEE6F22153A56E00985499 /* Frameworks */ = {
			isa = PBXFrameworksBuildPhase;
			buildActionMask = 2147483647;
			files = (
			);
			runOnlyForDeploymentPostprocessing = 0;
		};
		99BEE6FB2153A56E00985499 /* Frameworks */ = {
			isa = PBXFrameworksBuildPhase;
			buildActionMask = 2147483647;
			files = (
				99BEE6FF2153A56E00985499 /* JSONtoCodable.framework in Frameworks */,
			);
			runOnlyForDeploymentPostprocessing = 0;
		};
		99CD24D22153275700BB5C2A /* Frameworks */ = {
			isa = PBXFrameworksBuildPhase;
			buildActionMask = 2147483647;
			files = (
			);
			runOnlyForDeploymentPostprocessing = 0;
		};
		99CD24DB2153275800BB5C2A /* Frameworks */ = {
			isa = PBXFrameworksBuildPhase;
			buildActionMask = 2147483647;
			files = (
				99CD24DF2153275800BB5C2A /* JSONtoCodable.framework in Frameworks */,
			);
			runOnlyForDeploymentPostprocessing = 0;
		};
/* End PBXFrameworksBuildPhase section */

/* Begin PBXGroup section */
		99BEE68A215385C000985499 /* Sources */ = {
			isa = PBXGroup;
			children = (
				99BEE6B02153954E00985499 /* Error */,
				99BEE696215385C000985499 /* Extensions */,
				99BEE68E215385C000985499 /* Enum */,
				99BEE68B215385C000985499 /* Core */,
				99BEE6AD215385E700985499 /* Supporting Files */,
			);
			path = Sources;
			sourceTree = "<group>";
		};
		99BEE68B215385C000985499 /* Core */ = {
			isa = PBXGroup;
			children = (
				99BEE68C215385C000985499 /* Config.swift */,
				99BEE7372154D3B700985499 /* Property.swift */,
				99BEE68D215385C000985499 /* JSONtoCodable.swift */,
			);
			path = Core;
			sourceTree = "<group>";
		};
		99BEE68E215385C000985499 /* Enum */ = {
			isa = PBXGroup;
			children = (
				99C0F28821659CBD0018C845 /* AccessModifier.swift */,
				99BEE68F215385C000985499 /* LineType.swift */,
				99BEE690215385C000985499 /* CaseType.swift */,
				99BEE692215385C000985499 /* IndentType.swift */,
				99BEE693215385C000985499 /* Type.swift */,
			);
			path = Enum;
			sourceTree = "<group>";
		};
		99BEE696215385C000985499 /* Extensions */ = {
			isa = PBXGroup;
			children = (
				99BEE697215385C000985499 /* String+.swift */,
			);
			path = Extensions;
			sourceTree = "<group>";
		};
		99BEE6A4215385CB00985499 /* Tests */ = {
			isa = PBXGroup;
			children = (
				99BEE6A6215385CB00985499 /* JSONtoCodableTests */,
				99BEE6AC215385D600985499 /* Supporting Files */,
			);
			path = Tests;
			sourceTree = "<group>";
		};
		99BEE6A6215385CB00985499 /* JSONtoCodableTests */ = {
			isa = PBXGroup;
			children = (
				99BEE72D2154943E00985499 /* JSONtoCodableTests.swift */,
				99BEE6A8215385CB00985499 /* TypeTests.swift */,
				99BEE6AE215386BD00985499 /* CaseTests.swift */,
				99BEE6B12153971C00985499 /* LineTests.swift */,
				99BEE6B321539A4200985499 /* IndentTests.swift */,
				99BEE6B52153A38C00985499 /* LessParamsTests.swift */,
				99BEE6B72153A40A00985499 /* NoCodingkeysTests.swift */,
				99BEE73C2154E76300985499 /* NestingTests.swift */,
				99944953215734690089A08A /* ArrayTests.swift */,
				99FB3F902158C4A600ABEA31 /* MergePropertiesTests.swift */,
				99FB3F942158D3FC00ABEA31 /* MergeWithOptionalTests.swift */,
				99FB3FA72159E24500ABEA31 /* EscapeSequenceTests.swift */,
				99127349215A3B0A00D8ECE1 /* SymbolsTests.swift */,
				9912734D215A4A4100D8ECE1 /* ReservedWordsTests.swift */,
				99C179D32160966800705243 /* MergeStructTests.swift */,
			);
			path = JSONtoCodableTests;
			sourceTree = "<group>";
		};
		99BEE6AC215385D600985499 /* Supporting Files */ = {
			isa = PBXGroup;
			children = (
				99BEE6A5215385CB00985499 /* Info.plist */,
			);
			name = "Supporting Files";
			sourceTree = "<group>";
		};
		99BEE6AD215385E700985499 /* Supporting Files */ = {
			isa = PBXGroup;
			children = (
				99BEE698215385C000985499 /* Info.plist */,
			);
			name = "Supporting Files";
			sourceTree = "<group>";
		};
		99BEE6B02153954E00985499 /* Error */ = {
			isa = PBXGroup;
			children = (
				99BEE691215385C000985499 /* ErrorHandring.swift */,
			);
			path = Error;
			sourceTree = "<group>";
		};
		OBJ_14 /* Products */ = {
			isa = PBXGroup;
			children = (
				99CD24D62153275700BB5C2A /* JSONtoCodable.framework */,
				99CD24DE2153275800BB5C2A /* JSONtoCodable macOSTests.xctest */,
				99BEE6BE2153A4D200985499 /* JSONtoCodable.framework */,
				99BEE6C62153A4D200985499 /* JSONtoCodable iOSTests.xctest */,
				99BEE6E92153A55D00985499 /* JSONtoCodable.framework */,
				99BEE6F62153A56E00985499 /* JSONtoCodable.framework */,
				99BEE6FE2153A56E00985499 /* JSONtoCodable tvOSTests.xctest */,
			);
			name = Products;
			sourceTree = BUILT_PRODUCTS_DIR;
		};
		OBJ_5 = {
			isa = PBXGroup;
			children = (
				OBJ_6 /* Package.swift */,
				99BEE68A215385C000985499 /* Sources */,
				99BEE6A4215385CB00985499 /* Tests */,
				OBJ_14 /* Products */,
			);
			sourceTree = "<group>";
		};
/* End PBXGroup section */

/* Begin PBXHeadersBuildPhase section */
		99BEE6BB2153A4D200985499 /* Headers */ = {
			isa = PBXHeadersBuildPhase;
			buildActionMask = 2147483647;
			files = (
			);
			runOnlyForDeploymentPostprocessing = 0;
		};
		99BEE6E62153A55D00985499 /* Headers */ = {
			isa = PBXHeadersBuildPhase;
			buildActionMask = 2147483647;
			files = (
			);
			runOnlyForDeploymentPostprocessing = 0;
		};
		99BEE6F32153A56E00985499 /* Headers */ = {
			isa = PBXHeadersBuildPhase;
			buildActionMask = 2147483647;
			files = (
			);
			runOnlyForDeploymentPostprocessing = 0;
		};
		99CD24D32153275700BB5C2A /* Headers */ = {
			isa = PBXHeadersBuildPhase;
			buildActionMask = 2147483647;
			files = (
			);
			runOnlyForDeploymentPostprocessing = 0;
		};
/* End PBXHeadersBuildPhase section */

/* Begin PBXNativeTarget section */
		99BEE6BD2153A4D200985499 /* JSONtoCodable iOS */ = {
			isa = PBXNativeTarget;
			buildConfigurationList = 99BEE6CF2153A4D300985499 /* Build configuration list for PBXNativeTarget "JSONtoCodable iOS" */;
			buildPhases = (
				99BEE6B92153A4D200985499 /* Sources */,
				99BEE6BA2153A4D200985499 /* Frameworks */,
				99BEE6BB2153A4D200985499 /* Headers */,
				99BEE6BC2153A4D200985499 /* Resources */,
				99BEE7262153A8D200985499 /* SwiftLint Run Script */,
			);
			buildRules = (
			);
			dependencies = (
			);
			name = "JSONtoCodable iOS";
			productName = "JSONtoCodable iOS";
			productReference = 99BEE6BE2153A4D200985499 /* JSONtoCodable.framework */;
			productType = "com.apple.product-type.framework";
		};
		99BEE6C52153A4D200985499 /* JSONtoCodable iOSTests */ = {
			isa = PBXNativeTarget;
			buildConfigurationList = 99BEE6D22153A4D300985499 /* Build configuration list for PBXNativeTarget "JSONtoCodable iOSTests" */;
			buildPhases = (
				99BEE6C22153A4D200985499 /* Sources */,
				99BEE6C32153A4D200985499 /* Frameworks */,
				99BEE6C42153A4D200985499 /* Resources */,
			);
			buildRules = (
			);
			dependencies = (
				99BEE6C92153A4D300985499 /* PBXTargetDependency */,
			);
			name = "JSONtoCodable iOSTests";
			productName = "JSONtoCodable iOSTests";
			productReference = 99BEE6C62153A4D200985499 /* JSONtoCodable iOSTests.xctest */;
			productType = "com.apple.product-type.bundle.unit-test";
		};
		99BEE6E82153A55D00985499 /* JSONtoCodable watchOS */ = {
			isa = PBXNativeTarget;
			buildConfigurationList = 99BEE6EE2153A55E00985499 /* Build configuration list for PBXNativeTarget "JSONtoCodable watchOS" */;
			buildPhases = (
				99BEE6E42153A55D00985499 /* Sources */,
				99BEE6E52153A55D00985499 /* Frameworks */,
				99BEE6E62153A55D00985499 /* Headers */,
				99BEE6E72153A55D00985499 /* Resources */,
				99BEE7282153A8DE00985499 /* SwiftLint Run Script */,
			);
			buildRules = (
			);
			dependencies = (
			);
			name = "JSONtoCodable watchOS";
			productName = "JSONtoCodable watchOS";
			productReference = 99BEE6E92153A55D00985499 /* JSONtoCodable.framework */;
			productType = "com.apple.product-type.framework";
		};
		99BEE6F52153A56E00985499 /* JSONtoCodable tvOS */ = {
			isa = PBXNativeTarget;
			buildConfigurationList = 99BEE7072153A56E00985499 /* Build configuration list for PBXNativeTarget "JSONtoCodable tvOS" */;
			buildPhases = (
				99BEE6F12153A56E00985499 /* Sources */,
				99BEE6F22153A56E00985499 /* Frameworks */,
				99BEE6F32153A56E00985499 /* Headers */,
				99BEE6F42153A56E00985499 /* Resources */,
				99BEE7272153A8D700985499 /* SwiftLint Run Script */,
			);
			buildRules = (
			);
			dependencies = (
			);
			name = "JSONtoCodable tvOS";
			productName = "JSONtoCodable tvOS";
			productReference = 99BEE6F62153A56E00985499 /* JSONtoCodable.framework */;
			productType = "com.apple.product-type.framework";
		};
		99BEE6FD2153A56E00985499 /* JSONtoCodable tvOSTests */ = {
			isa = PBXNativeTarget;
			buildConfigurationList = 99BEE70A2153A56E00985499 /* Build configuration list for PBXNativeTarget "JSONtoCodable tvOSTests" */;
			buildPhases = (
				99BEE6FA2153A56E00985499 /* Sources */,
				99BEE6FB2153A56E00985499 /* Frameworks */,
				99BEE6FC2153A56E00985499 /* Resources */,
			);
			buildRules = (
			);
			dependencies = (
				99BEE7012153A56E00985499 /* PBXTargetDependency */,
			);
			name = "JSONtoCodable tvOSTests";
			productName = "JSONtoCodable tvOSTests";
			productReference = 99BEE6FE2153A56E00985499 /* JSONtoCodable tvOSTests.xctest */;
			productType = "com.apple.product-type.bundle.unit-test";
		};
		99CD24D52153275700BB5C2A /* JSONtoCodable macOS */ = {
			isa = PBXNativeTarget;
			buildConfigurationList = 99CD24E72153275800BB5C2A /* Build configuration list for PBXNativeTarget "JSONtoCodable macOS" */;
			buildPhases = (
				99CD24D12153275700BB5C2A /* Sources */,
				99CD24D22153275700BB5C2A /* Frameworks */,
				99CD24D32153275700BB5C2A /* Headers */,
				99CD24D42153275700BB5C2A /* Resources */,
				99BEE7252153A8CB00985499 /* SwiftLint Run Script */,
			);
			buildRules = (
			);
			dependencies = (
			);
			name = "JSONtoCodable macOS";
			productName = "JSONtoCodable macOS";
			productReference = 99CD24D62153275700BB5C2A /* JSONtoCodable.framework */;
			productType = "com.apple.product-type.framework";
		};
		99CD24DD2153275800BB5C2A /* JSONtoCodable macOSTests */ = {
			isa = PBXNativeTarget;
			buildConfigurationList = 99CD24EA2153275800BB5C2A /* Build configuration list for PBXNativeTarget "JSONtoCodable macOSTests" */;
			buildPhases = (
				99CD24DA2153275800BB5C2A /* Sources */,
				99CD24DB2153275800BB5C2A /* Frameworks */,
				99CD24DC2153275800BB5C2A /* Resources */,
			);
			buildRules = (
			);
			dependencies = (
				99CD24E12153275800BB5C2A /* PBXTargetDependency */,
			);
			name = "JSONtoCodable macOSTests";
			productName = "JSONtoCodable macOSTests";
			productReference = 99CD24DE2153275800BB5C2A /* JSONtoCodable macOSTests.xctest */;
			productType = "com.apple.product-type.bundle.unit-test";
		};
/* End PBXNativeTarget section */

/* Begin PBXProject section */
		OBJ_1 /* Project object */ = {
			isa = PBXProject;
			attributes = {
				LastSwiftUpdateCheck = 0940;
				LastUpgradeCheck = 1000;
				TargetAttributes = {
					99BEE6BD2153A4D200985499 = {
						CreatedOnToolsVersion = 9.4.1;
						LastSwiftMigration = 1000;
						ProvisioningStyle = Manual;
					};
					99BEE6C52153A4D200985499 = {
						CreatedOnToolsVersion = 9.4.1;
						LastSwiftMigration = 1000;
						ProvisioningStyle = Manual;
					};
					99BEE6E82153A55D00985499 = {
						CreatedOnToolsVersion = 9.4.1;
						LastSwiftMigration = 1000;
						ProvisioningStyle = Manual;
					};
					99BEE6F52153A56E00985499 = {
						CreatedOnToolsVersion = 9.4.1;
						LastSwiftMigration = 1000;
						ProvisioningStyle = Manual;
					};
					99BEE6FD2153A56E00985499 = {
						CreatedOnToolsVersion = 9.4.1;
						DevelopmentTeam = Y3FSN97W3M;
						LastSwiftMigration = 1000;
						ProvisioningStyle = Automatic;
					};
					99CD24D52153275700BB5C2A = {
						CreatedOnToolsVersion = 9.4.1;
						LastSwiftMigration = 1000;
						ProvisioningStyle = Manual;
					};
					99CD24DD2153275800BB5C2A = {
						CreatedOnToolsVersion = 9.4.1;
						LastSwiftMigration = 1000;
						ProvisioningStyle = Manual;
					};
				};
			};
			buildConfigurationList = OBJ_2 /* Build configuration list for PBXProject "JSONtoCodable" */;
			compatibilityVersion = "Xcode 3.2";
			developmentRegion = English;
			hasScannedForEncodings = 0;
			knownRegions = (
				en,
			);
			mainGroup = OBJ_5;
			productRefGroup = OBJ_14 /* Products */;
			projectDirPath = "";
			projectRoot = "";
			targets = (
				99CD24D52153275700BB5C2A /* JSONtoCodable macOS */,
				99CD24DD2153275800BB5C2A /* JSONtoCodable macOSTests */,
				99BEE6BD2153A4D200985499 /* JSONtoCodable iOS */,
				99BEE6C52153A4D200985499 /* JSONtoCodable iOSTests */,
				99BEE6F52153A56E00985499 /* JSONtoCodable tvOS */,
				99BEE6FD2153A56E00985499 /* JSONtoCodable tvOSTests */,
				99BEE6E82153A55D00985499 /* JSONtoCodable watchOS */,
			);
		};
/* End PBXProject section */

/* Begin PBXResourcesBuildPhase section */
		99BEE6BC2153A4D200985499 /* Resources */ = {
			isa = PBXResourcesBuildPhase;
			buildActionMask = 2147483647;
			files = (
			);
			runOnlyForDeploymentPostprocessing = 0;
		};
		99BEE6C42153A4D200985499 /* Resources */ = {
			isa = PBXResourcesBuildPhase;
			buildActionMask = 2147483647;
			files = (
			);
			runOnlyForDeploymentPostprocessing = 0;
		};
		99BEE6E72153A55D00985499 /* Resources */ = {
			isa = PBXResourcesBuildPhase;
			buildActionMask = 2147483647;
			files = (
			);
			runOnlyForDeploymentPostprocessing = 0;
		};
		99BEE6F42153A56E00985499 /* Resources */ = {
			isa = PBXResourcesBuildPhase;
			buildActionMask = 2147483647;
			files = (
			);
			runOnlyForDeploymentPostprocessing = 0;
		};
		99BEE6FC2153A56E00985499 /* Resources */ = {
			isa = PBXResourcesBuildPhase;
			buildActionMask = 2147483647;
			files = (
			);
			runOnlyForDeploymentPostprocessing = 0;
		};
		99CD24D42153275700BB5C2A /* Resources */ = {
			isa = PBXResourcesBuildPhase;
			buildActionMask = 2147483647;
			files = (
			);
			runOnlyForDeploymentPostprocessing = 0;
		};
		99CD24DC2153275800BB5C2A /* Resources */ = {
			isa = PBXResourcesBuildPhase;
			buildActionMask = 2147483647;
			files = (
			);
			runOnlyForDeploymentPostprocessing = 0;
		};
/* End PBXResourcesBuildPhase section */

/* Begin PBXShellScriptBuildPhase section */
		99BEE7252153A8CB00985499 /* SwiftLint Run Script */ = {
			isa = PBXShellScriptBuildPhase;
			buildActionMask = 2147483647;
			files = (
			);
			inputPaths = (
			);
			name = "SwiftLint Run Script";
			outputPaths = (
			);
			runOnlyForDeploymentPostprocessing = 0;
			shellPath = /bin/sh;
			shellScript = "if which swiftlint >/dev/null; then\nswiftlint\nelse\necho \"warning: SwiftLint not installed, download from https://github.com/realm/SwiftLint\"\nfi";
		};
		99BEE7262153A8D200985499 /* SwiftLint Run Script */ = {
			isa = PBXShellScriptBuildPhase;
			buildActionMask = 2147483647;
			files = (
			);
			inputPaths = (
			);
			name = "SwiftLint Run Script";
			outputPaths = (
			);
			runOnlyForDeploymentPostprocessing = 0;
			shellPath = /bin/sh;
			shellScript = "if which swiftlint >/dev/null; then\nswiftlint\nelse\necho \"warning: SwiftLint not installed, download from https://github.com/realm/SwiftLint\"\nfi";
		};
		99BEE7272153A8D700985499 /* SwiftLint Run Script */ = {
			isa = PBXShellScriptBuildPhase;
			buildActionMask = 2147483647;
			files = (
			);
			inputPaths = (
			);
			name = "SwiftLint Run Script";
			outputPaths = (
			);
			runOnlyForDeploymentPostprocessing = 0;
			shellPath = /bin/sh;
			shellScript = "if which swiftlint >/dev/null; then\nswiftlint\nelse\necho \"warning: SwiftLint not installed, download from https://github.com/realm/SwiftLint\"\nfi";
		};
		99BEE7282153A8DE00985499 /* SwiftLint Run Script */ = {
			isa = PBXShellScriptBuildPhase;
			buildActionMask = 2147483647;
			files = (
			);
			inputPaths = (
			);
			name = "SwiftLint Run Script";
			outputPaths = (
			);
			runOnlyForDeploymentPostprocessing = 0;
			shellPath = /bin/sh;
			shellScript = "if which swiftlint >/dev/null; then\nswiftlint\nelse\necho \"warning: SwiftLint not installed, download from https://github.com/realm/SwiftLint\"\nfi";
		};
/* End PBXShellScriptBuildPhase section */

/* Begin PBXSourcesBuildPhase section */
		99BEE6B92153A4D200985499 /* Sources */ = {
			isa = PBXSourcesBuildPhase;
			buildActionMask = 2147483647;
			files = (
				99BEE6E32153A53800985499 /* JSONtoCodable.swift in Sources */,
				99BEE7392154D3B700985499 /* Property.swift in Sources */,
				99C0F28A21659CC50018C845 /* AccessModifier.swift in Sources */,
				99BEE6DD2153A53800985499 /* LineType.swift in Sources */,
				99BEE6DC2153A53800985499 /* String+.swift in Sources */,
				99BEE6DB2153A53800985499 /* ErrorHandring.swift in Sources */,
				99BEE6E02153A53800985499 /* Type.swift in Sources */,
				99BEE6E22153A53800985499 /* Config.swift in Sources */,
				99BEE6DE2153A53800985499 /* CaseType.swift in Sources */,
				99BEE6DF2153A53800985499 /* IndentType.swift in Sources */,
			);
			runOnlyForDeploymentPostprocessing = 0;
		};
		99BEE6C22153A4D200985499 /* Sources */ = {
			isa = PBXSourcesBuildPhase;
			buildActionMask = 2147483647;
			files = (
				99944955215734690089A08A /* ArrayTests.swift in Sources */,
				99BEE73E2154E76300985499 /* NestingTests.swift in Sources */,
				99BEE6DA2153A52200985499 /* NoCodingkeysTests.swift in Sources */,
				99FB3F922158C4A600ABEA31 /* MergePropertiesTests.swift in Sources */,
				99BEE6D52153A52200985499 /* TypeTests.swift in Sources */,
				9912734F215A4A4100D8ECE1 /* ReservedWordsTests.swift in Sources */,
				99BEE6D82153A52200985499 /* IndentTests.swift in Sources */,
				99BEE6D72153A52200985499 /* LineTests.swift in Sources */,
				99BEE72F2154943E00985499 /* JSONtoCodableTests.swift in Sources */,
				99FB3F962158D3FC00ABEA31 /* MergeWithOptionalTests.swift in Sources */,
				99FB3FA92159E24500ABEA31 /* EscapeSequenceTests.swift in Sources */,
				99BEE6D92153A52200985499 /* LessParamsTests.swift in Sources */,
				9912734B215A3B0A00D8ECE1 /* SymbolsTests.swift in Sources */,
				99C179D52160966800705243 /* MergeStructTests.swift in Sources */,
				99BEE6D62153A52200985499 /* CaseTests.swift in Sources */,
			);
			runOnlyForDeploymentPostprocessing = 0;
		};
		99BEE6E42153A55D00985499 /* Sources */ = {
			isa = PBXSourcesBuildPhase;
			buildActionMask = 2147483647;
			files = (
				99BEE71E2153A5D500985499 /* JSONtoCodable.swift in Sources */,
				99BEE73B2154D3B700985499 /* Property.swift in Sources */,
				99C0F28C21659CC70018C845 /* AccessModifier.swift in Sources */,
				99BEE7182153A5D500985499 /* LineType.swift in Sources */,
				99BEE7172153A5D500985499 /* String+.swift in Sources */,
				99BEE7162153A5D500985499 /* ErrorHandring.swift in Sources */,
				99BEE71B2153A5D500985499 /* Type.swift in Sources */,
				99BEE71D2153A5D500985499 /* Config.swift in Sources */,
				99BEE7192153A5D500985499 /* CaseType.swift in Sources */,
				99BEE71A2153A5D500985499 /* IndentType.swift in Sources */,
			);
			runOnlyForDeploymentPostprocessing = 0;
		};
		99BEE6F12153A56E00985499 /* Sources */ = {
			isa = PBXSourcesBuildPhase;
			buildActionMask = 2147483647;
			files = (
				99BEE7152153A5D400985499 /* JSONtoCodable.swift in Sources */,
				99BEE73A2154D3B700985499 /* Property.swift in Sources */,
				99C0F28B21659CC60018C845 /* AccessModifier.swift in Sources */,
				99BEE70F2153A5D400985499 /* LineType.swift in Sources */,
				99BEE70E2153A5D400985499 /* String+.swift in Sources */,
				99BEE70D2153A5D400985499 /* ErrorHandring.swift in Sources */,
				99BEE7122153A5D400985499 /* Type.swift in Sources */,
				99BEE7142153A5D400985499 /* Config.swift in Sources */,
				99BEE7102153A5D400985499 /* CaseType.swift in Sources */,
				99BEE7112153A5D400985499 /* IndentType.swift in Sources */,
			);
			runOnlyForDeploymentPostprocessing = 0;
		};
		99BEE6FA2153A56E00985499 /* Sources */ = {
			isa = PBXSourcesBuildPhase;
			buildActionMask = 2147483647;
			files = (
				99944956215734690089A08A /* ArrayTests.swift in Sources */,
				99BEE73F2154E76300985499 /* NestingTests.swift in Sources */,
				99BEE7222153A5DA00985499 /* IndentTests.swift in Sources */,
				99FB3F932158C4A600ABEA31 /* MergePropertiesTests.swift in Sources */,
				99BEE7242153A5DA00985499 /* NoCodingkeysTests.swift in Sources */,
				99127350215A4A4100D8ECE1 /* ReservedWordsTests.swift in Sources */,
				99BEE7212153A5DA00985499 /* LineTests.swift in Sources */,
				99BEE71F2153A5DA00985499 /* TypeTests.swift in Sources */,
				99BEE7302154943E00985499 /* JSONtoCodableTests.swift in Sources */,
				99FB3F972158D3FC00ABEA31 /* MergeWithOptionalTests.swift in Sources */,
				99FB3FAA2159E24500ABEA31 /* EscapeSequenceTests.swift in Sources */,
				99BEE7232153A5DA00985499 /* LessParamsTests.swift in Sources */,
				9912734C215A3B0A00D8ECE1 /* SymbolsTests.swift in Sources */,
				99C179D62160966800705243 /* MergeStructTests.swift in Sources */,
				99BEE7202153A5DA00985499 /* CaseTests.swift in Sources */,
			);
			runOnlyForDeploymentPostprocessing = 0;
		};
		99CD24D12153275700BB5C2A /* Sources */ = {
			isa = PBXSourcesBuildPhase;
			buildActionMask = 2147483647;
			files = (
				99BEE69B215385C000985499 /* LineType.swift in Sources */,
				99BEE7382154D3B700985499 /* Property.swift in Sources */,
				99C0F28921659CBD0018C845 /* AccessModifier.swift in Sources */,
				99BEE69E215385C000985499 /* IndentType.swift in Sources */,
				99BEE6A2215385C000985499 /* String+.swift in Sources */,
				99BEE699215385C000985499 /* Config.swift in Sources */,
				99BEE69F215385C000985499 /* Type.swift in Sources */,
				99BEE69D215385C000985499 /* ErrorHandring.swift in Sources */,
				99BEE69A215385C000985499 /* JSONtoCodable.swift in Sources */,
				99BEE69C215385C000985499 /* CaseType.swift in Sources */,
			);
			runOnlyForDeploymentPostprocessing = 0;
		};
		99CD24DA2153275800BB5C2A /* Sources */ = {
			isa = PBXSourcesBuildPhase;
			buildActionMask = 2147483647;
			files = (
				99944954215734690089A08A /* ArrayTests.swift in Sources */,
				99BEE73D2154E76300985499 /* NestingTests.swift in Sources */,
				99BEE6B421539A4200985499 /* IndentTests.swift in Sources */,
				99FB3F912158C4A600ABEA31 /* MergePropertiesTests.swift in Sources */,
				99BEE6B82153A40A00985499 /* NoCodingkeysTests.swift in Sources */,
				9912734E215A4A4100D8ECE1 /* ReservedWordsTests.swift in Sources */,
				99BEE6B22153971C00985499 /* LineTests.swift in Sources */,
				99BEE6AB215385CB00985499 /* TypeTests.swift in Sources */,
				99BEE72E2154943E00985499 /* JSONtoCodableTests.swift in Sources */,
				99FB3F952158D3FC00ABEA31 /* MergeWithOptionalTests.swift in Sources */,
				99FB3FA82159E24500ABEA31 /* EscapeSequenceTests.swift in Sources */,
				99BEE6AF215386BD00985499 /* CaseTests.swift in Sources */,
				9912734A215A3B0A00D8ECE1 /* SymbolsTests.swift in Sources */,
				99C179D42160966800705243 /* MergeStructTests.swift in Sources */,
				99BEE6B62153A38C00985499 /* LessParamsTests.swift in Sources */,
			);
			runOnlyForDeploymentPostprocessing = 0;
		};
/* End PBXSourcesBuildPhase section */

/* Begin PBXTargetDependency section */
		99BEE6C92153A4D300985499 /* PBXTargetDependency */ = {
			isa = PBXTargetDependency;
			target = 99BEE6BD2153A4D200985499 /* JSONtoCodable iOS */;
			targetProxy = 99BEE6C82153A4D300985499 /* PBXContainerItemProxy */;
		};
		99BEE7012153A56E00985499 /* PBXTargetDependency */ = {
			isa = PBXTargetDependency;
			target = 99BEE6F52153A56E00985499 /* JSONtoCodable tvOS */;
			targetProxy = 99BEE7002153A56E00985499 /* PBXContainerItemProxy */;
		};
		99CD24E12153275800BB5C2A /* PBXTargetDependency */ = {
			isa = PBXTargetDependency;
			target = 99CD24D52153275700BB5C2A /* JSONtoCodable macOS */;
			targetProxy = 99CD24E02153275800BB5C2A /* PBXContainerItemProxy */;
		};
/* End PBXTargetDependency section */

/* Begin XCBuildConfiguration section */
		99BEE6D02153A4D300985499 /* Debug */ = {
			isa = XCBuildConfiguration;
			buildSettings = {
				ALWAYS_SEARCH_USER_PATHS = NO;
				CLANG_ANALYZER_NONNULL = YES;
				CLANG_ANALYZER_NUMBER_OBJECT_CONVERSION = YES_AGGRESSIVE;
				CLANG_CXX_LANGUAGE_STANDARD = "gnu++14";
				CLANG_CXX_LIBRARY = "libc++";
				CLANG_ENABLE_MODULES = YES;
				CLANG_ENABLE_OBJC_WEAK = YES;
				CLANG_WARN_BLOCK_CAPTURE_AUTORELEASING = YES;
				CLANG_WARN_BOOL_CONVERSION = YES;
				CLANG_WARN_COMMA = YES;
				CLANG_WARN_CONSTANT_CONVERSION = YES;
				CLANG_WARN_DEPRECATED_OBJC_IMPLEMENTATIONS = YES;
				CLANG_WARN_DIRECT_OBJC_ISA_USAGE = YES_ERROR;
				CLANG_WARN_DOCUMENTATION_COMMENTS = YES;
				CLANG_WARN_EMPTY_BODY = YES;
				CLANG_WARN_ENUM_CONVERSION = YES;
				CLANG_WARN_INFINITE_RECURSION = YES;
				CLANG_WARN_INT_CONVERSION = YES;
				CLANG_WARN_NON_LITERAL_NULL_CONVERSION = YES;
				CLANG_WARN_OBJC_IMPLICIT_RETAIN_SELF = YES;
				CLANG_WARN_OBJC_LITERAL_CONVERSION = YES;
				CLANG_WARN_OBJC_ROOT_CLASS = YES_ERROR;
				CLANG_WARN_RANGE_LOOP_ANALYSIS = YES;
				CLANG_WARN_STRICT_PROTOTYPES = YES;
				CLANG_WARN_SUSPICIOUS_MOVE = YES;
				CLANG_WARN_UNGUARDED_AVAILABILITY = YES_AGGRESSIVE;
				CLANG_WARN_UNREACHABLE_CODE = YES;
				CLANG_WARN__DUPLICATE_METHOD_MATCH = YES;
				CODE_SIGN_IDENTITY = "iPhone Developer";
				CODE_SIGN_STYLE = Manual;
				CURRENT_PROJECT_VERSION = 1;
				DEFINES_MODULE = YES;
				DEVELOPMENT_TEAM = "";
				DYLIB_COMPATIBILITY_VERSION = 1;
				DYLIB_CURRENT_VERSION = 1;
				DYLIB_INSTALL_NAME_BASE = "@rpath";
				ENABLE_STRICT_OBJC_MSGSEND = YES;
				ENABLE_TESTABILITY = YES;
				GCC_C_LANGUAGE_STANDARD = gnu11;
				GCC_DYNAMIC_NO_PIC = NO;
				GCC_NO_COMMON_BLOCKS = YES;
				GCC_OPTIMIZATION_LEVEL = fast;
				GCC_PREPROCESSOR_DEFINITIONS = (
					"DEBUG=1",
					"$(inherited)",
				);
				GCC_WARN_64_TO_32_BIT_CONVERSION = YES;
				GCC_WARN_ABOUT_RETURN_TYPE = YES_ERROR;
				GCC_WARN_UNDECLARED_SELECTOR = YES;
				GCC_WARN_UNINITIALIZED_AUTOS = YES_AGGRESSIVE;
				GCC_WARN_UNUSED_FUNCTION = YES;
				GCC_WARN_UNUSED_VARIABLE = YES;
				INFOPLIST_FILE = Sources/Info.plist;
				INSTALL_PATH = "$(LOCAL_LIBRARY_DIR)/Frameworks";
				IPHONEOS_DEPLOYMENT_TARGET = 11.4;
				LD_RUNPATH_SEARCH_PATHS = "$(inherited) @executable_path/Frameworks @loader_path/Frameworks";
				MTL_ENABLE_DEBUG_INFO = YES;
				PRODUCT_BUNDLE_IDENTIFIER = "com.ym.JSONtoCodable-iOS";
				PRODUCT_NAME = JSONtoCodable;
				PROVISIONING_PROFILE_SPECIFIER = "";
				SDKROOT = iphoneos;
				SKIP_INSTALL = YES;
				SUPPORTED_PLATFORMS = "iphonesimulator iphoneos";
				SWIFT_ACTIVE_COMPILATION_CONDITIONS = DEBUG;
				SWIFT_OPTIMIZATION_LEVEL = "-O";
				SWIFT_VERSION = 4.2;
				TARGETED_DEVICE_FAMILY = "1,2";
				VERSIONING_SYSTEM = "apple-generic";
				VERSION_INFO_PREFIX = "";
			};
			name = Debug;
		};
		99BEE6D12153A4D300985499 /* Release */ = {
			isa = XCBuildConfiguration;
			buildSettings = {
				ALWAYS_SEARCH_USER_PATHS = NO;
				CLANG_ANALYZER_NONNULL = YES;
				CLANG_ANALYZER_NUMBER_OBJECT_CONVERSION = YES_AGGRESSIVE;
				CLANG_CXX_LANGUAGE_STANDARD = "gnu++14";
				CLANG_CXX_LIBRARY = "libc++";
				CLANG_ENABLE_MODULES = YES;
				CLANG_ENABLE_OBJC_WEAK = YES;
				CLANG_WARN_BLOCK_CAPTURE_AUTORELEASING = YES;
				CLANG_WARN_BOOL_CONVERSION = YES;
				CLANG_WARN_COMMA = YES;
				CLANG_WARN_CONSTANT_CONVERSION = YES;
				CLANG_WARN_DEPRECATED_OBJC_IMPLEMENTATIONS = YES;
				CLANG_WARN_DIRECT_OBJC_ISA_USAGE = YES_ERROR;
				CLANG_WARN_DOCUMENTATION_COMMENTS = YES;
				CLANG_WARN_EMPTY_BODY = YES;
				CLANG_WARN_ENUM_CONVERSION = YES;
				CLANG_WARN_INFINITE_RECURSION = YES;
				CLANG_WARN_INT_CONVERSION = YES;
				CLANG_WARN_NON_LITERAL_NULL_CONVERSION = YES;
				CLANG_WARN_OBJC_IMPLICIT_RETAIN_SELF = YES;
				CLANG_WARN_OBJC_LITERAL_CONVERSION = YES;
				CLANG_WARN_OBJC_ROOT_CLASS = YES_ERROR;
				CLANG_WARN_RANGE_LOOP_ANALYSIS = YES;
				CLANG_WARN_STRICT_PROTOTYPES = YES;
				CLANG_WARN_SUSPICIOUS_MOVE = YES;
				CLANG_WARN_UNGUARDED_AVAILABILITY = YES_AGGRESSIVE;
				CLANG_WARN_UNREACHABLE_CODE = YES;
				CLANG_WARN__DUPLICATE_METHOD_MATCH = YES;
				CODE_SIGN_IDENTITY = "iPhone Developer";
				CODE_SIGN_STYLE = Manual;
				COPY_PHASE_STRIP = NO;
				CURRENT_PROJECT_VERSION = 1;
				DEFINES_MODULE = YES;
				DEVELOPMENT_TEAM = "";
				DYLIB_COMPATIBILITY_VERSION = 1;
				DYLIB_CURRENT_VERSION = 1;
				DYLIB_INSTALL_NAME_BASE = "@rpath";
				ENABLE_NS_ASSERTIONS = NO;
				ENABLE_STRICT_OBJC_MSGSEND = YES;
				GCC_C_LANGUAGE_STANDARD = gnu11;
				GCC_NO_COMMON_BLOCKS = YES;
				GCC_OPTIMIZATION_LEVEL = fast;
				GCC_WARN_64_TO_32_BIT_CONVERSION = YES;
				GCC_WARN_ABOUT_RETURN_TYPE = YES_ERROR;
				GCC_WARN_UNDECLARED_SELECTOR = YES;
				GCC_WARN_UNINITIALIZED_AUTOS = YES_AGGRESSIVE;
				GCC_WARN_UNUSED_FUNCTION = YES;
				GCC_WARN_UNUSED_VARIABLE = YES;
				INFOPLIST_FILE = Sources/Info.plist;
				INSTALL_PATH = "$(LOCAL_LIBRARY_DIR)/Frameworks";
				IPHONEOS_DEPLOYMENT_TARGET = 11.4;
				LD_RUNPATH_SEARCH_PATHS = "$(inherited) @executable_path/Frameworks @loader_path/Frameworks";
				MTL_ENABLE_DEBUG_INFO = NO;
				PRODUCT_BUNDLE_IDENTIFIER = "com.ym.JSONtoCodable-iOS";
				PRODUCT_NAME = JSONtoCodable;
				PROVISIONING_PROFILE_SPECIFIER = "";
				SDKROOT = iphoneos;
				SKIP_INSTALL = YES;
				SUPPORTED_PLATFORMS = "iphonesimulator iphoneos";
				SWIFT_OPTIMIZATION_LEVEL = "-O";
				SWIFT_VERSION = 4.2;
				TARGETED_DEVICE_FAMILY = "1,2";
				VALIDATE_PRODUCT = YES;
				VERSIONING_SYSTEM = "apple-generic";
				VERSION_INFO_PREFIX = "";
			};
			name = Release;
		};
		99BEE6D32153A4D300985499 /* Debug */ = {
			isa = XCBuildConfiguration;
			buildSettings = {
				ALWAYS_EMBED_SWIFT_STANDARD_LIBRARIES = YES;
				ALWAYS_SEARCH_USER_PATHS = NO;
				CLANG_ANALYZER_NONNULL = YES;
				CLANG_ANALYZER_NUMBER_OBJECT_CONVERSION = YES_AGGRESSIVE;
				CLANG_CXX_LANGUAGE_STANDARD = "gnu++14";
				CLANG_CXX_LIBRARY = "libc++";
				CLANG_ENABLE_MODULES = YES;
				CLANG_ENABLE_OBJC_WEAK = YES;
				CLANG_WARN_BLOCK_CAPTURE_AUTORELEASING = YES;
				CLANG_WARN_BOOL_CONVERSION = YES;
				CLANG_WARN_COMMA = YES;
				CLANG_WARN_CONSTANT_CONVERSION = YES;
				CLANG_WARN_DEPRECATED_OBJC_IMPLEMENTATIONS = YES;
				CLANG_WARN_DIRECT_OBJC_ISA_USAGE = YES_ERROR;
				CLANG_WARN_DOCUMENTATION_COMMENTS = YES;
				CLANG_WARN_EMPTY_BODY = YES;
				CLANG_WARN_ENUM_CONVERSION = YES;
				CLANG_WARN_INFINITE_RECURSION = YES;
				CLANG_WARN_INT_CONVERSION = YES;
				CLANG_WARN_NON_LITERAL_NULL_CONVERSION = YES;
				CLANG_WARN_OBJC_IMPLICIT_RETAIN_SELF = YES;
				CLANG_WARN_OBJC_LITERAL_CONVERSION = YES;
				CLANG_WARN_OBJC_ROOT_CLASS = YES_ERROR;
				CLANG_WARN_RANGE_LOOP_ANALYSIS = YES;
				CLANG_WARN_STRICT_PROTOTYPES = YES;
				CLANG_WARN_SUSPICIOUS_MOVE = YES;
				CLANG_WARN_UNGUARDED_AVAILABILITY = YES_AGGRESSIVE;
				CLANG_WARN_UNREACHABLE_CODE = YES;
				CLANG_WARN__DUPLICATE_METHOD_MATCH = YES;
				CODE_SIGN_STYLE = Manual;
				DEVELOPMENT_TEAM = "";
				ENABLE_STRICT_OBJC_MSGSEND = YES;
				ENABLE_TESTABILITY = YES;
				GCC_C_LANGUAGE_STANDARD = gnu11;
				GCC_DYNAMIC_NO_PIC = NO;
				GCC_NO_COMMON_BLOCKS = YES;
				GCC_OPTIMIZATION_LEVEL = fast;
				GCC_PREPROCESSOR_DEFINITIONS = (
					"DEBUG=1",
					"$(inherited)",
				);
				GCC_WARN_64_TO_32_BIT_CONVERSION = YES;
				GCC_WARN_ABOUT_RETURN_TYPE = YES_ERROR;
				GCC_WARN_UNDECLARED_SELECTOR = YES;
				GCC_WARN_UNINITIALIZED_AUTOS = YES_AGGRESSIVE;
				GCC_WARN_UNUSED_FUNCTION = YES;
				GCC_WARN_UNUSED_VARIABLE = YES;
				INFOPLIST_FILE = Tests/Info.plist;
				IPHONEOS_DEPLOYMENT_TARGET = 11.4;
				LD_RUNPATH_SEARCH_PATHS = "$(inherited) @executable_path/Frameworks @loader_path/Frameworks";
				MTL_ENABLE_DEBUG_INFO = YES;
				PRODUCT_BUNDLE_IDENTIFIER = "com.ym.JSONtoCodable-iOSTests";
				PRODUCT_NAME = "$(TARGET_NAME)";
				PROVISIONING_PROFILE_SPECIFIER = "";
				SDKROOT = iphoneos;
				SUPPORTED_PLATFORMS = "iphonesimulator iphoneos";
				SWIFT_ACTIVE_COMPILATION_CONDITIONS = DEBUG;
				SWIFT_OPTIMIZATION_LEVEL = "-O";
				SWIFT_VERSION = 4.2;
				TARGETED_DEVICE_FAMILY = "1,2";
			};
			name = Debug;
		};
		99BEE6D42153A4D300985499 /* Release */ = {
			isa = XCBuildConfiguration;
			buildSettings = {
				ALWAYS_EMBED_SWIFT_STANDARD_LIBRARIES = YES;
				ALWAYS_SEARCH_USER_PATHS = NO;
				CLANG_ANALYZER_NONNULL = YES;
				CLANG_ANALYZER_NUMBER_OBJECT_CONVERSION = YES_AGGRESSIVE;
				CLANG_CXX_LANGUAGE_STANDARD = "gnu++14";
				CLANG_CXX_LIBRARY = "libc++";
				CLANG_ENABLE_MODULES = YES;
				CLANG_ENABLE_OBJC_WEAK = YES;
				CLANG_WARN_BLOCK_CAPTURE_AUTORELEASING = YES;
				CLANG_WARN_BOOL_CONVERSION = YES;
				CLANG_WARN_COMMA = YES;
				CLANG_WARN_CONSTANT_CONVERSION = YES;
				CLANG_WARN_DEPRECATED_OBJC_IMPLEMENTATIONS = YES;
				CLANG_WARN_DIRECT_OBJC_ISA_USAGE = YES_ERROR;
				CLANG_WARN_DOCUMENTATION_COMMENTS = YES;
				CLANG_WARN_EMPTY_BODY = YES;
				CLANG_WARN_ENUM_CONVERSION = YES;
				CLANG_WARN_INFINITE_RECURSION = YES;
				CLANG_WARN_INT_CONVERSION = YES;
				CLANG_WARN_NON_LITERAL_NULL_CONVERSION = YES;
				CLANG_WARN_OBJC_IMPLICIT_RETAIN_SELF = YES;
				CLANG_WARN_OBJC_LITERAL_CONVERSION = YES;
				CLANG_WARN_OBJC_ROOT_CLASS = YES_ERROR;
				CLANG_WARN_RANGE_LOOP_ANALYSIS = YES;
				CLANG_WARN_STRICT_PROTOTYPES = YES;
				CLANG_WARN_SUSPICIOUS_MOVE = YES;
				CLANG_WARN_UNGUARDED_AVAILABILITY = YES_AGGRESSIVE;
				CLANG_WARN_UNREACHABLE_CODE = YES;
				CLANG_WARN__DUPLICATE_METHOD_MATCH = YES;
				CODE_SIGN_STYLE = Manual;
				COPY_PHASE_STRIP = NO;
				DEVELOPMENT_TEAM = "";
				ENABLE_NS_ASSERTIONS = NO;
				ENABLE_STRICT_OBJC_MSGSEND = YES;
				GCC_C_LANGUAGE_STANDARD = gnu11;
				GCC_NO_COMMON_BLOCKS = YES;
				GCC_OPTIMIZATION_LEVEL = fast;
				GCC_WARN_64_TO_32_BIT_CONVERSION = YES;
				GCC_WARN_ABOUT_RETURN_TYPE = YES_ERROR;
				GCC_WARN_UNDECLARED_SELECTOR = YES;
				GCC_WARN_UNINITIALIZED_AUTOS = YES_AGGRESSIVE;
				GCC_WARN_UNUSED_FUNCTION = YES;
				GCC_WARN_UNUSED_VARIABLE = YES;
				INFOPLIST_FILE = Tests/Info.plist;
				IPHONEOS_DEPLOYMENT_TARGET = 11.4;
				LD_RUNPATH_SEARCH_PATHS = "$(inherited) @executable_path/Frameworks @loader_path/Frameworks";
				MTL_ENABLE_DEBUG_INFO = NO;
				PRODUCT_BUNDLE_IDENTIFIER = "com.ym.JSONtoCodable-iOSTests";
				PRODUCT_NAME = "$(TARGET_NAME)";
				PROVISIONING_PROFILE_SPECIFIER = "";
				SDKROOT = iphoneos;
				SUPPORTED_PLATFORMS = "iphonesimulator iphoneos";
				SWIFT_OPTIMIZATION_LEVEL = "-O";
				SWIFT_VERSION = 4.2;
				TARGETED_DEVICE_FAMILY = "1,2";
				VALIDATE_PRODUCT = YES;
			};
			name = Release;
		};
		99BEE6EF2153A55E00985499 /* Debug */ = {
			isa = XCBuildConfiguration;
			buildSettings = {
				ALWAYS_SEARCH_USER_PATHS = NO;
				APPLICATION_EXTENSION_API_ONLY = YES;
				CLANG_ANALYZER_NONNULL = YES;
				CLANG_ANALYZER_NUMBER_OBJECT_CONVERSION = YES_AGGRESSIVE;
				CLANG_CXX_LANGUAGE_STANDARD = "gnu++14";
				CLANG_CXX_LIBRARY = "libc++";
				CLANG_ENABLE_MODULES = YES;
				CLANG_ENABLE_OBJC_WEAK = YES;
				CLANG_WARN_BLOCK_CAPTURE_AUTORELEASING = YES;
				CLANG_WARN_BOOL_CONVERSION = YES;
				CLANG_WARN_COMMA = YES;
				CLANG_WARN_CONSTANT_CONVERSION = YES;
				CLANG_WARN_DEPRECATED_OBJC_IMPLEMENTATIONS = YES;
				CLANG_WARN_DIRECT_OBJC_ISA_USAGE = YES_ERROR;
				CLANG_WARN_DOCUMENTATION_COMMENTS = YES;
				CLANG_WARN_EMPTY_BODY = YES;
				CLANG_WARN_ENUM_CONVERSION = YES;
				CLANG_WARN_INFINITE_RECURSION = YES;
				CLANG_WARN_INT_CONVERSION = YES;
				CLANG_WARN_NON_LITERAL_NULL_CONVERSION = YES;
				CLANG_WARN_OBJC_IMPLICIT_RETAIN_SELF = YES;
				CLANG_WARN_OBJC_LITERAL_CONVERSION = YES;
				CLANG_WARN_OBJC_ROOT_CLASS = YES_ERROR;
				CLANG_WARN_RANGE_LOOP_ANALYSIS = YES;
				CLANG_WARN_STRICT_PROTOTYPES = YES;
				CLANG_WARN_SUSPICIOUS_MOVE = YES;
				CLANG_WARN_UNGUARDED_AVAILABILITY = YES_AGGRESSIVE;
				CLANG_WARN_UNREACHABLE_CODE = YES;
				CLANG_WARN__DUPLICATE_METHOD_MATCH = YES;
				CODE_SIGN_IDENTITY = "";
				CODE_SIGN_STYLE = Manual;
				CURRENT_PROJECT_VERSION = 1;
				DEFINES_MODULE = YES;
				DEVELOPMENT_TEAM = "";
				DYLIB_COMPATIBILITY_VERSION = 1;
				DYLIB_CURRENT_VERSION = 1;
				DYLIB_INSTALL_NAME_BASE = "@rpath";
				ENABLE_STRICT_OBJC_MSGSEND = YES;
				ENABLE_TESTABILITY = YES;
				GCC_C_LANGUAGE_STANDARD = gnu11;
				GCC_DYNAMIC_NO_PIC = NO;
				GCC_NO_COMMON_BLOCKS = YES;
				GCC_OPTIMIZATION_LEVEL = fast;
				GCC_PREPROCESSOR_DEFINITIONS = (
					"DEBUG=1",
					"$(inherited)",
				);
				GCC_WARN_64_TO_32_BIT_CONVERSION = YES;
				GCC_WARN_ABOUT_RETURN_TYPE = YES_ERROR;
				GCC_WARN_UNDECLARED_SELECTOR = YES;
				GCC_WARN_UNINITIALIZED_AUTOS = YES_AGGRESSIVE;
				GCC_WARN_UNUSED_FUNCTION = YES;
				GCC_WARN_UNUSED_VARIABLE = YES;
				INFOPLIST_FILE = Sources/Info.plist;
				INSTALL_PATH = "$(LOCAL_LIBRARY_DIR)/Frameworks";
				LD_RUNPATH_SEARCH_PATHS = "$(inherited) @executable_path/Frameworks @loader_path/Frameworks";
				MTL_ENABLE_DEBUG_INFO = YES;
				PRODUCT_BUNDLE_IDENTIFIER = "com.ym.JSONtoCodable-watchOS";
				PRODUCT_NAME = JSONtoCodable;
				PROVISIONING_PROFILE_SPECIFIER = "";
				SDKROOT = watchos;
				SKIP_INSTALL = YES;
				SUPPORTED_PLATFORMS = "watchsimulator watchos";
				SWIFT_ACTIVE_COMPILATION_CONDITIONS = DEBUG;
				SWIFT_OPTIMIZATION_LEVEL = "-O";
				SWIFT_VERSION = 4.2;
				TARGETED_DEVICE_FAMILY = 4;
				VERSIONING_SYSTEM = "apple-generic";
				VERSION_INFO_PREFIX = "";
				WATCHOS_DEPLOYMENT_TARGET = 4.3;
			};
			name = Debug;
		};
		99BEE6F02153A55E00985499 /* Release */ = {
			isa = XCBuildConfiguration;
			buildSettings = {
				ALWAYS_SEARCH_USER_PATHS = NO;
				APPLICATION_EXTENSION_API_ONLY = YES;
				CLANG_ANALYZER_NONNULL = YES;
				CLANG_ANALYZER_NUMBER_OBJECT_CONVERSION = YES_AGGRESSIVE;
				CLANG_CXX_LANGUAGE_STANDARD = "gnu++14";
				CLANG_CXX_LIBRARY = "libc++";
				CLANG_ENABLE_MODULES = YES;
				CLANG_ENABLE_OBJC_WEAK = YES;
				CLANG_WARN_BLOCK_CAPTURE_AUTORELEASING = YES;
				CLANG_WARN_BOOL_CONVERSION = YES;
				CLANG_WARN_COMMA = YES;
				CLANG_WARN_CONSTANT_CONVERSION = YES;
				CLANG_WARN_DEPRECATED_OBJC_IMPLEMENTATIONS = YES;
				CLANG_WARN_DIRECT_OBJC_ISA_USAGE = YES_ERROR;
				CLANG_WARN_DOCUMENTATION_COMMENTS = YES;
				CLANG_WARN_EMPTY_BODY = YES;
				CLANG_WARN_ENUM_CONVERSION = YES;
				CLANG_WARN_INFINITE_RECURSION = YES;
				CLANG_WARN_INT_CONVERSION = YES;
				CLANG_WARN_NON_LITERAL_NULL_CONVERSION = YES;
				CLANG_WARN_OBJC_IMPLICIT_RETAIN_SELF = YES;
				CLANG_WARN_OBJC_LITERAL_CONVERSION = YES;
				CLANG_WARN_OBJC_ROOT_CLASS = YES_ERROR;
				CLANG_WARN_RANGE_LOOP_ANALYSIS = YES;
				CLANG_WARN_STRICT_PROTOTYPES = YES;
				CLANG_WARN_SUSPICIOUS_MOVE = YES;
				CLANG_WARN_UNGUARDED_AVAILABILITY = YES_AGGRESSIVE;
				CLANG_WARN_UNREACHABLE_CODE = YES;
				CLANG_WARN__DUPLICATE_METHOD_MATCH = YES;
				CODE_SIGN_IDENTITY = "";
				CODE_SIGN_STYLE = Manual;
				COPY_PHASE_STRIP = NO;
				CURRENT_PROJECT_VERSION = 1;
				DEFINES_MODULE = YES;
				DEVELOPMENT_TEAM = "";
				DYLIB_COMPATIBILITY_VERSION = 1;
				DYLIB_CURRENT_VERSION = 1;
				DYLIB_INSTALL_NAME_BASE = "@rpath";
				ENABLE_NS_ASSERTIONS = NO;
				ENABLE_STRICT_OBJC_MSGSEND = YES;
				GCC_C_LANGUAGE_STANDARD = gnu11;
				GCC_NO_COMMON_BLOCKS = YES;
				GCC_OPTIMIZATION_LEVEL = fast;
				GCC_WARN_64_TO_32_BIT_CONVERSION = YES;
				GCC_WARN_ABOUT_RETURN_TYPE = YES_ERROR;
				GCC_WARN_UNDECLARED_SELECTOR = YES;
				GCC_WARN_UNINITIALIZED_AUTOS = YES_AGGRESSIVE;
				GCC_WARN_UNUSED_FUNCTION = YES;
				GCC_WARN_UNUSED_VARIABLE = YES;
				INFOPLIST_FILE = Sources/Info.plist;
				INSTALL_PATH = "$(LOCAL_LIBRARY_DIR)/Frameworks";
				LD_RUNPATH_SEARCH_PATHS = "$(inherited) @executable_path/Frameworks @loader_path/Frameworks";
				MTL_ENABLE_DEBUG_INFO = NO;
				PRODUCT_BUNDLE_IDENTIFIER = "com.ym.JSONtoCodable-watchOS";
				PRODUCT_NAME = JSONtoCodable;
				PROVISIONING_PROFILE_SPECIFIER = "";
				SDKROOT = watchos;
				SKIP_INSTALL = YES;
				SUPPORTED_PLATFORMS = "watchsimulator watchos";
				SWIFT_OPTIMIZATION_LEVEL = "-O";
				SWIFT_VERSION = 4.2;
				TARGETED_DEVICE_FAMILY = 4;
				VALIDATE_PRODUCT = YES;
				VERSIONING_SYSTEM = "apple-generic";
				VERSION_INFO_PREFIX = "";
				WATCHOS_DEPLOYMENT_TARGET = 4.3;
			};
			name = Release;
		};
		99BEE7082153A56E00985499 /* Debug */ = {
			isa = XCBuildConfiguration;
			buildSettings = {
				ALWAYS_SEARCH_USER_PATHS = NO;
				CLANG_ANALYZER_NONNULL = YES;
				CLANG_ANALYZER_NUMBER_OBJECT_CONVERSION = YES_AGGRESSIVE;
				CLANG_CXX_LANGUAGE_STANDARD = "gnu++14";
				CLANG_CXX_LIBRARY = "libc++";
				CLANG_ENABLE_MODULES = YES;
				CLANG_ENABLE_OBJC_WEAK = YES;
				CLANG_WARN_BLOCK_CAPTURE_AUTORELEASING = YES;
				CLANG_WARN_BOOL_CONVERSION = YES;
				CLANG_WARN_COMMA = YES;
				CLANG_WARN_CONSTANT_CONVERSION = YES;
				CLANG_WARN_DEPRECATED_OBJC_IMPLEMENTATIONS = YES;
				CLANG_WARN_DIRECT_OBJC_ISA_USAGE = YES_ERROR;
				CLANG_WARN_DOCUMENTATION_COMMENTS = YES;
				CLANG_WARN_EMPTY_BODY = YES;
				CLANG_WARN_ENUM_CONVERSION = YES;
				CLANG_WARN_INFINITE_RECURSION = YES;
				CLANG_WARN_INT_CONVERSION = YES;
				CLANG_WARN_NON_LITERAL_NULL_CONVERSION = YES;
				CLANG_WARN_OBJC_IMPLICIT_RETAIN_SELF = YES;
				CLANG_WARN_OBJC_LITERAL_CONVERSION = YES;
				CLANG_WARN_OBJC_ROOT_CLASS = YES_ERROR;
				CLANG_WARN_RANGE_LOOP_ANALYSIS = YES;
				CLANG_WARN_STRICT_PROTOTYPES = YES;
				CLANG_WARN_SUSPICIOUS_MOVE = YES;
				CLANG_WARN_UNGUARDED_AVAILABILITY = YES_AGGRESSIVE;
				CLANG_WARN_UNREACHABLE_CODE = YES;
				CLANG_WARN__DUPLICATE_METHOD_MATCH = YES;
				CODE_SIGN_IDENTITY = "";
				CODE_SIGN_STYLE = Manual;
				CURRENT_PROJECT_VERSION = 1;
				DEFINES_MODULE = YES;
				DEVELOPMENT_TEAM = "";
				DYLIB_COMPATIBILITY_VERSION = 1;
				DYLIB_CURRENT_VERSION = 1;
				DYLIB_INSTALL_NAME_BASE = "@rpath";
				ENABLE_STRICT_OBJC_MSGSEND = YES;
				ENABLE_TESTABILITY = YES;
				GCC_C_LANGUAGE_STANDARD = gnu11;
				GCC_DYNAMIC_NO_PIC = NO;
				GCC_NO_COMMON_BLOCKS = YES;
				GCC_OPTIMIZATION_LEVEL = fast;
				GCC_PREPROCESSOR_DEFINITIONS = (
					"DEBUG=1",
					"$(inherited)",
				);
				GCC_WARN_64_TO_32_BIT_CONVERSION = YES;
				GCC_WARN_ABOUT_RETURN_TYPE = YES_ERROR;
				GCC_WARN_UNDECLARED_SELECTOR = YES;
				GCC_WARN_UNINITIALIZED_AUTOS = YES_AGGRESSIVE;
				GCC_WARN_UNUSED_FUNCTION = YES;
				GCC_WARN_UNUSED_VARIABLE = YES;
				INFOPLIST_FILE = Sources/Info.plist;
				INSTALL_PATH = "$(LOCAL_LIBRARY_DIR)/Frameworks";
				LD_RUNPATH_SEARCH_PATHS = "$(inherited) @executable_path/Frameworks @loader_path/Frameworks";
				MTL_ENABLE_DEBUG_INFO = YES;
				PRODUCT_BUNDLE_IDENTIFIER = "com.ym.JSONtoCodable-tvOS";
				PRODUCT_NAME = JSONtoCodable;
				PROVISIONING_PROFILE_SPECIFIER = "";
				SDKROOT = appletvos;
				SKIP_INSTALL = YES;
				SUPPORTED_PLATFORMS = "appletvsimulator appletvos";
				SWIFT_ACTIVE_COMPILATION_CONDITIONS = DEBUG;
				SWIFT_OPTIMIZATION_LEVEL = "-O";
				SWIFT_VERSION = 4.2;
				TARGETED_DEVICE_FAMILY = 3;
				TVOS_DEPLOYMENT_TARGET = 11.4;
				VERSIONING_SYSTEM = "apple-generic";
				VERSION_INFO_PREFIX = "";
			};
			name = Debug;
		};
		99BEE7092153A56E00985499 /* Release */ = {
			isa = XCBuildConfiguration;
			buildSettings = {
				ALWAYS_SEARCH_USER_PATHS = NO;
				CLANG_ANALYZER_NONNULL = YES;
				CLANG_ANALYZER_NUMBER_OBJECT_CONVERSION = YES_AGGRESSIVE;
				CLANG_CXX_LANGUAGE_STANDARD = "gnu++14";
				CLANG_CXX_LIBRARY = "libc++";
				CLANG_ENABLE_MODULES = YES;
				CLANG_ENABLE_OBJC_WEAK = YES;
				CLANG_WARN_BLOCK_CAPTURE_AUTORELEASING = YES;
				CLANG_WARN_BOOL_CONVERSION = YES;
				CLANG_WARN_COMMA = YES;
				CLANG_WARN_CONSTANT_CONVERSION = YES;
				CLANG_WARN_DEPRECATED_OBJC_IMPLEMENTATIONS = YES;
				CLANG_WARN_DIRECT_OBJC_ISA_USAGE = YES_ERROR;
				CLANG_WARN_DOCUMENTATION_COMMENTS = YES;
				CLANG_WARN_EMPTY_BODY = YES;
				CLANG_WARN_ENUM_CONVERSION = YES;
				CLANG_WARN_INFINITE_RECURSION = YES;
				CLANG_WARN_INT_CONVERSION = YES;
				CLANG_WARN_NON_LITERAL_NULL_CONVERSION = YES;
				CLANG_WARN_OBJC_IMPLICIT_RETAIN_SELF = YES;
				CLANG_WARN_OBJC_LITERAL_CONVERSION = YES;
				CLANG_WARN_OBJC_ROOT_CLASS = YES_ERROR;
				CLANG_WARN_RANGE_LOOP_ANALYSIS = YES;
				CLANG_WARN_STRICT_PROTOTYPES = YES;
				CLANG_WARN_SUSPICIOUS_MOVE = YES;
				CLANG_WARN_UNGUARDED_AVAILABILITY = YES_AGGRESSIVE;
				CLANG_WARN_UNREACHABLE_CODE = YES;
				CLANG_WARN__DUPLICATE_METHOD_MATCH = YES;
				CODE_SIGN_IDENTITY = "";
				CODE_SIGN_STYLE = Manual;
				COPY_PHASE_STRIP = NO;
				CURRENT_PROJECT_VERSION = 1;
				DEFINES_MODULE = YES;
				DEVELOPMENT_TEAM = "";
				DYLIB_COMPATIBILITY_VERSION = 1;
				DYLIB_CURRENT_VERSION = 1;
				DYLIB_INSTALL_NAME_BASE = "@rpath";
				ENABLE_NS_ASSERTIONS = NO;
				ENABLE_STRICT_OBJC_MSGSEND = YES;
				GCC_C_LANGUAGE_STANDARD = gnu11;
				GCC_NO_COMMON_BLOCKS = YES;
				GCC_OPTIMIZATION_LEVEL = fast;
				GCC_WARN_64_TO_32_BIT_CONVERSION = YES;
				GCC_WARN_ABOUT_RETURN_TYPE = YES_ERROR;
				GCC_WARN_UNDECLARED_SELECTOR = YES;
				GCC_WARN_UNINITIALIZED_AUTOS = YES_AGGRESSIVE;
				GCC_WARN_UNUSED_FUNCTION = YES;
				GCC_WARN_UNUSED_VARIABLE = YES;
				INFOPLIST_FILE = Sources/Info.plist;
				INSTALL_PATH = "$(LOCAL_LIBRARY_DIR)/Frameworks";
				LD_RUNPATH_SEARCH_PATHS = "$(inherited) @executable_path/Frameworks @loader_path/Frameworks";
				MTL_ENABLE_DEBUG_INFO = NO;
				PRODUCT_BUNDLE_IDENTIFIER = "com.ym.JSONtoCodable-tvOS";
				PRODUCT_NAME = JSONtoCodable;
				PROVISIONING_PROFILE_SPECIFIER = "";
				SDKROOT = appletvos;
				SKIP_INSTALL = YES;
				SUPPORTED_PLATFORMS = "appletvsimulator appletvos";
				SWIFT_OPTIMIZATION_LEVEL = "-O";
				SWIFT_VERSION = 4.2;
				TARGETED_DEVICE_FAMILY = 3;
				TVOS_DEPLOYMENT_TARGET = 11.4;
				VALIDATE_PRODUCT = YES;
				VERSIONING_SYSTEM = "apple-generic";
				VERSION_INFO_PREFIX = "";
			};
			name = Release;
		};
		99BEE70B2153A56E00985499 /* Debug */ = {
			isa = XCBuildConfiguration;
			buildSettings = {
				ALWAYS_EMBED_SWIFT_STANDARD_LIBRARIES = YES;
				ALWAYS_SEARCH_USER_PATHS = NO;
				CLANG_ANALYZER_NONNULL = YES;
				CLANG_ANALYZER_NUMBER_OBJECT_CONVERSION = YES_AGGRESSIVE;
				CLANG_CXX_LANGUAGE_STANDARD = "gnu++14";
				CLANG_CXX_LIBRARY = "libc++";
				CLANG_ENABLE_MODULES = YES;
				CLANG_ENABLE_OBJC_WEAK = YES;
				CLANG_WARN_BLOCK_CAPTURE_AUTORELEASING = YES;
				CLANG_WARN_BOOL_CONVERSION = YES;
				CLANG_WARN_COMMA = YES;
				CLANG_WARN_CONSTANT_CONVERSION = YES;
				CLANG_WARN_DEPRECATED_OBJC_IMPLEMENTATIONS = YES;
				CLANG_WARN_DIRECT_OBJC_ISA_USAGE = YES_ERROR;
				CLANG_WARN_DOCUMENTATION_COMMENTS = YES;
				CLANG_WARN_EMPTY_BODY = YES;
				CLANG_WARN_ENUM_CONVERSION = YES;
				CLANG_WARN_INFINITE_RECURSION = YES;
				CLANG_WARN_INT_CONVERSION = YES;
				CLANG_WARN_NON_LITERAL_NULL_CONVERSION = YES;
				CLANG_WARN_OBJC_IMPLICIT_RETAIN_SELF = YES;
				CLANG_WARN_OBJC_LITERAL_CONVERSION = YES;
				CLANG_WARN_OBJC_ROOT_CLASS = YES_ERROR;
				CLANG_WARN_RANGE_LOOP_ANALYSIS = YES;
				CLANG_WARN_STRICT_PROTOTYPES = YES;
				CLANG_WARN_SUSPICIOUS_MOVE = YES;
				CLANG_WARN_UNGUARDED_AVAILABILITY = YES_AGGRESSIVE;
				CLANG_WARN_UNREACHABLE_CODE = YES;
				CLANG_WARN__DUPLICATE_METHOD_MATCH = YES;
				CODE_SIGN_IDENTITY = "iPhone Developer";
				CODE_SIGN_STYLE = Automatic;
				DEVELOPMENT_TEAM = Y3FSN97W3M;
				ENABLE_STRICT_OBJC_MSGSEND = YES;
				ENABLE_TESTABILITY = YES;
				GCC_C_LANGUAGE_STANDARD = gnu11;
				GCC_DYNAMIC_NO_PIC = NO;
				GCC_NO_COMMON_BLOCKS = YES;
				GCC_OPTIMIZATION_LEVEL = fast;
				GCC_PREPROCESSOR_DEFINITIONS = (
					"DEBUG=1",
					"$(inherited)",
				);
				GCC_WARN_64_TO_32_BIT_CONVERSION = YES;
				GCC_WARN_ABOUT_RETURN_TYPE = YES_ERROR;
				GCC_WARN_UNDECLARED_SELECTOR = YES;
				GCC_WARN_UNINITIALIZED_AUTOS = YES_AGGRESSIVE;
				GCC_WARN_UNUSED_FUNCTION = YES;
				GCC_WARN_UNUSED_VARIABLE = YES;
				INFOPLIST_FILE = Tests/Info.plist;
				LD_RUNPATH_SEARCH_PATHS = "$(inherited) @executable_path/Frameworks @loader_path/Frameworks";
				MTL_ENABLE_DEBUG_INFO = YES;
				PRODUCT_BUNDLE_IDENTIFIER = "com.ym.JSONtoCodable-tvOSTests";
				PRODUCT_NAME = "$(TARGET_NAME)";
				PROVISIONING_PROFILE_SPECIFIER = "";
				SDKROOT = appletvos;
				SUPPORTED_PLATFORMS = "appletvsimulator appletvos";
				SWIFT_ACTIVE_COMPILATION_CONDITIONS = DEBUG;
				SWIFT_OPTIMIZATION_LEVEL = "-O";
				SWIFT_VERSION = 4.2;
				TARGETED_DEVICE_FAMILY = 3;
				TVOS_DEPLOYMENT_TARGET = 11.4;
			};
			name = Debug;
		};
		99BEE70C2153A56E00985499 /* Release */ = {
			isa = XCBuildConfiguration;
			buildSettings = {
				ALWAYS_EMBED_SWIFT_STANDARD_LIBRARIES = YES;
				ALWAYS_SEARCH_USER_PATHS = NO;
				CLANG_ANALYZER_NONNULL = YES;
				CLANG_ANALYZER_NUMBER_OBJECT_CONVERSION = YES_AGGRESSIVE;
				CLANG_CXX_LANGUAGE_STANDARD = "gnu++14";
				CLANG_CXX_LIBRARY = "libc++";
				CLANG_ENABLE_MODULES = YES;
				CLANG_ENABLE_OBJC_WEAK = YES;
				CLANG_WARN_BLOCK_CAPTURE_AUTORELEASING = YES;
				CLANG_WARN_BOOL_CONVERSION = YES;
				CLANG_WARN_COMMA = YES;
				CLANG_WARN_CONSTANT_CONVERSION = YES;
				CLANG_WARN_DEPRECATED_OBJC_IMPLEMENTATIONS = YES;
				CLANG_WARN_DIRECT_OBJC_ISA_USAGE = YES_ERROR;
				CLANG_WARN_DOCUMENTATION_COMMENTS = YES;
				CLANG_WARN_EMPTY_BODY = YES;
				CLANG_WARN_ENUM_CONVERSION = YES;
				CLANG_WARN_INFINITE_RECURSION = YES;
				CLANG_WARN_INT_CONVERSION = YES;
				CLANG_WARN_NON_LITERAL_NULL_CONVERSION = YES;
				CLANG_WARN_OBJC_IMPLICIT_RETAIN_SELF = YES;
				CLANG_WARN_OBJC_LITERAL_CONVERSION = YES;
				CLANG_WARN_OBJC_ROOT_CLASS = YES_ERROR;
				CLANG_WARN_RANGE_LOOP_ANALYSIS = YES;
				CLANG_WARN_STRICT_PROTOTYPES = YES;
				CLANG_WARN_SUSPICIOUS_MOVE = YES;
				CLANG_WARN_UNGUARDED_AVAILABILITY = YES_AGGRESSIVE;
				CLANG_WARN_UNREACHABLE_CODE = YES;
				CLANG_WARN__DUPLICATE_METHOD_MATCH = YES;
				CODE_SIGN_IDENTITY = "iPhone Developer";
				CODE_SIGN_STYLE = Automatic;
				COPY_PHASE_STRIP = NO;
				DEVELOPMENT_TEAM = Y3FSN97W3M;
				ENABLE_NS_ASSERTIONS = NO;
				ENABLE_STRICT_OBJC_MSGSEND = YES;
				GCC_C_LANGUAGE_STANDARD = gnu11;
				GCC_NO_COMMON_BLOCKS = YES;
				GCC_OPTIMIZATION_LEVEL = fast;
				GCC_WARN_64_TO_32_BIT_CONVERSION = YES;
				GCC_WARN_ABOUT_RETURN_TYPE = YES_ERROR;
				GCC_WARN_UNDECLARED_SELECTOR = YES;
				GCC_WARN_UNINITIALIZED_AUTOS = YES_AGGRESSIVE;
				GCC_WARN_UNUSED_FUNCTION = YES;
				GCC_WARN_UNUSED_VARIABLE = YES;
				INFOPLIST_FILE = Tests/Info.plist;
				LD_RUNPATH_SEARCH_PATHS = "$(inherited) @executable_path/Frameworks @loader_path/Frameworks";
				MTL_ENABLE_DEBUG_INFO = NO;
				PRODUCT_BUNDLE_IDENTIFIER = "com.ym.JSONtoCodable-tvOSTests";
				PRODUCT_NAME = "$(TARGET_NAME)";
				PROVISIONING_PROFILE_SPECIFIER = "";
				SDKROOT = appletvos;
				SUPPORTED_PLATFORMS = "appletvsimulator appletvos";
				SWIFT_OPTIMIZATION_LEVEL = "-O";
				SWIFT_VERSION = 4.2;
				TARGETED_DEVICE_FAMILY = 3;
				TVOS_DEPLOYMENT_TARGET = 11.4;
				VALIDATE_PRODUCT = YES;
			};
			name = Release;
		};
		99CD24E82153275800BB5C2A /* Debug */ = {
			isa = XCBuildConfiguration;
			buildSettings = {
				ALWAYS_SEARCH_USER_PATHS = NO;
				CLANG_ANALYZER_NONNULL = YES;
				CLANG_ANALYZER_NUMBER_OBJECT_CONVERSION = YES_AGGRESSIVE;
				CLANG_CXX_LANGUAGE_STANDARD = "gnu++14";
				CLANG_CXX_LIBRARY = "libc++";
				CLANG_ENABLE_MODULES = YES;
				CLANG_ENABLE_OBJC_WEAK = YES;
				CLANG_WARN_BLOCK_CAPTURE_AUTORELEASING = YES;
				CLANG_WARN_BOOL_CONVERSION = YES;
				CLANG_WARN_COMMA = YES;
				CLANG_WARN_CONSTANT_CONVERSION = YES;
				CLANG_WARN_DEPRECATED_OBJC_IMPLEMENTATIONS = YES;
				CLANG_WARN_DIRECT_OBJC_ISA_USAGE = YES_ERROR;
				CLANG_WARN_DOCUMENTATION_COMMENTS = YES;
				CLANG_WARN_EMPTY_BODY = YES;
				CLANG_WARN_ENUM_CONVERSION = YES;
				CLANG_WARN_INFINITE_RECURSION = YES;
				CLANG_WARN_INT_CONVERSION = YES;
				CLANG_WARN_NON_LITERAL_NULL_CONVERSION = YES;
				CLANG_WARN_OBJC_IMPLICIT_RETAIN_SELF = YES;
				CLANG_WARN_OBJC_LITERAL_CONVERSION = YES;
				CLANG_WARN_OBJC_ROOT_CLASS = YES_ERROR;
				CLANG_WARN_RANGE_LOOP_ANALYSIS = YES;
				CLANG_WARN_STRICT_PROTOTYPES = YES;
				CLANG_WARN_SUSPICIOUS_MOVE = YES;
				CLANG_WARN_UNGUARDED_AVAILABILITY = YES_AGGRESSIVE;
				CLANG_WARN_UNREACHABLE_CODE = YES;
				CLANG_WARN__DUPLICATE_METHOD_MATCH = YES;
				CODE_SIGN_IDENTITY = "Mac Developer";
				CODE_SIGN_STYLE = Manual;
				COMBINE_HIDPI_IMAGES = YES;
				CURRENT_PROJECT_VERSION = 1;
				DEFINES_MODULE = YES;
				DEVELOPMENT_TEAM = "";
				DYLIB_COMPATIBILITY_VERSION = 1;
				DYLIB_CURRENT_VERSION = 1;
				DYLIB_INSTALL_NAME_BASE = "@rpath";
				ENABLE_STRICT_OBJC_MSGSEND = YES;
				ENABLE_TESTABILITY = YES;
				FRAMEWORK_VERSION = A;
				GCC_C_LANGUAGE_STANDARD = gnu11;
				GCC_DYNAMIC_NO_PIC = NO;
				GCC_NO_COMMON_BLOCKS = YES;
				GCC_OPTIMIZATION_LEVEL = fast;
				GCC_PREPROCESSOR_DEFINITIONS = (
					"DEBUG=1",
					"$(inherited)",
				);
				GCC_WARN_64_TO_32_BIT_CONVERSION = YES;
				GCC_WARN_ABOUT_RETURN_TYPE = YES_ERROR;
				GCC_WARN_UNDECLARED_SELECTOR = YES;
				GCC_WARN_UNINITIALIZED_AUTOS = YES_AGGRESSIVE;
				GCC_WARN_UNUSED_FUNCTION = YES;
				GCC_WARN_UNUSED_VARIABLE = YES;
				INFOPLIST_FILE = Sources/Info.plist;
				INSTALL_PATH = "$(LOCAL_LIBRARY_DIR)/Frameworks";
				LD_RUNPATH_SEARCH_PATHS = "$(inherited) @executable_path/../Frameworks @loader_path/Frameworks";
				MACOSX_DEPLOYMENT_TARGET = 10.13;
				MTL_ENABLE_DEBUG_INFO = YES;
				PRODUCT_BUNDLE_IDENTIFIER = "com.ym.JSONtoCodable-macOS";
				PRODUCT_NAME = JSONtoCodable;
				PROVISIONING_PROFILE_SPECIFIER = "";
				SKIP_INSTALL = YES;
				SUPPORTED_PLATFORMS = macosx;
				SWIFT_ACTIVE_COMPILATION_CONDITIONS = DEBUG;
				SWIFT_OPTIMIZATION_LEVEL = "-O";
				SWIFT_VERSION = 4.2;
				VERSIONING_SYSTEM = "apple-generic";
				VERSION_INFO_PREFIX = "";
			};
			name = Debug;
		};
		99CD24E92153275800BB5C2A /* Release */ = {
			isa = XCBuildConfiguration;
			buildSettings = {
				ALWAYS_SEARCH_USER_PATHS = NO;
				CLANG_ANALYZER_NONNULL = YES;
				CLANG_ANALYZER_NUMBER_OBJECT_CONVERSION = YES_AGGRESSIVE;
				CLANG_CXX_LANGUAGE_STANDARD = "gnu++14";
				CLANG_CXX_LIBRARY = "libc++";
				CLANG_ENABLE_MODULES = YES;
				CLANG_ENABLE_OBJC_WEAK = YES;
				CLANG_WARN_BLOCK_CAPTURE_AUTORELEASING = YES;
				CLANG_WARN_BOOL_CONVERSION = YES;
				CLANG_WARN_COMMA = YES;
				CLANG_WARN_CONSTANT_CONVERSION = YES;
				CLANG_WARN_DEPRECATED_OBJC_IMPLEMENTATIONS = YES;
				CLANG_WARN_DIRECT_OBJC_ISA_USAGE = YES_ERROR;
				CLANG_WARN_DOCUMENTATION_COMMENTS = YES;
				CLANG_WARN_EMPTY_BODY = YES;
				CLANG_WARN_ENUM_CONVERSION = YES;
				CLANG_WARN_INFINITE_RECURSION = YES;
				CLANG_WARN_INT_CONVERSION = YES;
				CLANG_WARN_NON_LITERAL_NULL_CONVERSION = YES;
				CLANG_WARN_OBJC_IMPLICIT_RETAIN_SELF = YES;
				CLANG_WARN_OBJC_LITERAL_CONVERSION = YES;
				CLANG_WARN_OBJC_ROOT_CLASS = YES_ERROR;
				CLANG_WARN_RANGE_LOOP_ANALYSIS = YES;
				CLANG_WARN_STRICT_PROTOTYPES = YES;
				CLANG_WARN_SUSPICIOUS_MOVE = YES;
				CLANG_WARN_UNGUARDED_AVAILABILITY = YES_AGGRESSIVE;
				CLANG_WARN_UNREACHABLE_CODE = YES;
				CLANG_WARN__DUPLICATE_METHOD_MATCH = YES;
				CODE_SIGN_IDENTITY = "Mac Developer";
				CODE_SIGN_STYLE = Manual;
				COMBINE_HIDPI_IMAGES = YES;
				COPY_PHASE_STRIP = NO;
				CURRENT_PROJECT_VERSION = 1;
				DEFINES_MODULE = YES;
				DEVELOPMENT_TEAM = "";
				DYLIB_COMPATIBILITY_VERSION = 1;
				DYLIB_CURRENT_VERSION = 1;
				DYLIB_INSTALL_NAME_BASE = "@rpath";
				ENABLE_NS_ASSERTIONS = NO;
				ENABLE_STRICT_OBJC_MSGSEND = YES;
				FRAMEWORK_VERSION = A;
				GCC_C_LANGUAGE_STANDARD = gnu11;
				GCC_NO_COMMON_BLOCKS = YES;
				GCC_OPTIMIZATION_LEVEL = fast;
				GCC_WARN_64_TO_32_BIT_CONVERSION = YES;
				GCC_WARN_ABOUT_RETURN_TYPE = YES_ERROR;
				GCC_WARN_UNDECLARED_SELECTOR = YES;
				GCC_WARN_UNINITIALIZED_AUTOS = YES_AGGRESSIVE;
				GCC_WARN_UNUSED_FUNCTION = YES;
				GCC_WARN_UNUSED_VARIABLE = YES;
				INFOPLIST_FILE = Sources/Info.plist;
				INSTALL_PATH = "$(LOCAL_LIBRARY_DIR)/Frameworks";
				LD_RUNPATH_SEARCH_PATHS = "$(inherited) @executable_path/../Frameworks @loader_path/Frameworks";
				MACOSX_DEPLOYMENT_TARGET = 10.13;
				MTL_ENABLE_DEBUG_INFO = NO;
				PRODUCT_BUNDLE_IDENTIFIER = "com.ym.JSONtoCodable-macOS";
				PRODUCT_NAME = JSONtoCodable;
				PROVISIONING_PROFILE_SPECIFIER = "";
				SKIP_INSTALL = YES;
				SUPPORTED_PLATFORMS = macosx;
				SWIFT_OPTIMIZATION_LEVEL = "-O";
				SWIFT_VERSION = 4.2;
				VERSIONING_SYSTEM = "apple-generic";
				VERSION_INFO_PREFIX = "";
			};
			name = Release;
		};
		99CD24EB2153275800BB5C2A /* Debug */ = {
			isa = XCBuildConfiguration;
			buildSettings = {
				ALWAYS_EMBED_SWIFT_STANDARD_LIBRARIES = YES;
				ALWAYS_SEARCH_USER_PATHS = NO;
				CLANG_ANALYZER_NONNULL = YES;
				CLANG_ANALYZER_NUMBER_OBJECT_CONVERSION = YES_AGGRESSIVE;
				CLANG_CXX_LANGUAGE_STANDARD = "gnu++14";
				CLANG_CXX_LIBRARY = "libc++";
				CLANG_ENABLE_MODULES = YES;
				CLANG_ENABLE_OBJC_WEAK = YES;
				CLANG_WARN_BLOCK_CAPTURE_AUTORELEASING = YES;
				CLANG_WARN_BOOL_CONVERSION = YES;
				CLANG_WARN_COMMA = YES;
				CLANG_WARN_CONSTANT_CONVERSION = YES;
				CLANG_WARN_DEPRECATED_OBJC_IMPLEMENTATIONS = YES;
				CLANG_WARN_DIRECT_OBJC_ISA_USAGE = YES_ERROR;
				CLANG_WARN_DOCUMENTATION_COMMENTS = YES;
				CLANG_WARN_EMPTY_BODY = YES;
				CLANG_WARN_ENUM_CONVERSION = YES;
				CLANG_WARN_INFINITE_RECURSION = YES;
				CLANG_WARN_INT_CONVERSION = YES;
				CLANG_WARN_NON_LITERAL_NULL_CONVERSION = YES;
				CLANG_WARN_OBJC_IMPLICIT_RETAIN_SELF = YES;
				CLANG_WARN_OBJC_LITERAL_CONVERSION = YES;
				CLANG_WARN_OBJC_ROOT_CLASS = YES_ERROR;
				CLANG_WARN_RANGE_LOOP_ANALYSIS = YES;
				CLANG_WARN_STRICT_PROTOTYPES = YES;
				CLANG_WARN_SUSPICIOUS_MOVE = YES;
				CLANG_WARN_UNGUARDED_AVAILABILITY = YES_AGGRESSIVE;
				CLANG_WARN_UNREACHABLE_CODE = YES;
				CLANG_WARN__DUPLICATE_METHOD_MATCH = YES;
				CODE_SIGN_STYLE = Manual;
				COMBINE_HIDPI_IMAGES = YES;
				DEVELOPMENT_TEAM = "";
				ENABLE_STRICT_OBJC_MSGSEND = YES;
				ENABLE_TESTABILITY = YES;
				GCC_C_LANGUAGE_STANDARD = gnu11;
				GCC_DYNAMIC_NO_PIC = NO;
				GCC_NO_COMMON_BLOCKS = YES;
				GCC_OPTIMIZATION_LEVEL = fast;
				GCC_PREPROCESSOR_DEFINITIONS = (
					"DEBUG=1",
					"$(inherited)",
				);
				GCC_WARN_64_TO_32_BIT_CONVERSION = YES;
				GCC_WARN_ABOUT_RETURN_TYPE = YES_ERROR;
				GCC_WARN_UNDECLARED_SELECTOR = YES;
				GCC_WARN_UNINITIALIZED_AUTOS = YES_AGGRESSIVE;
				GCC_WARN_UNUSED_FUNCTION = YES;
				GCC_WARN_UNUSED_VARIABLE = YES;
				INFOPLIST_FILE = Tests/Info.plist;
				LD_RUNPATH_SEARCH_PATHS = "$(inherited) @executable_path/../Frameworks @loader_path/../Frameworks";
				MACOSX_DEPLOYMENT_TARGET = 10.13;
				MTL_ENABLE_DEBUG_INFO = YES;
				PRODUCT_BUNDLE_IDENTIFIER = "com.ym.JSONtoCodable-macOSTests";
				PRODUCT_NAME = "$(TARGET_NAME)";
				PROVISIONING_PROFILE_SPECIFIER = "";
				SUPPORTED_PLATFORMS = macosx;
				SWIFT_ACTIVE_COMPILATION_CONDITIONS = DEBUG;
				SWIFT_OPTIMIZATION_LEVEL = "-O";
				SWIFT_VERSION = 4.2;
			};
			name = Debug;
		};
		99CD24EC2153275800BB5C2A /* Release */ = {
			isa = XCBuildConfiguration;
			buildSettings = {
				ALWAYS_EMBED_SWIFT_STANDARD_LIBRARIES = YES;
				ALWAYS_SEARCH_USER_PATHS = NO;
				CLANG_ANALYZER_NONNULL = YES;
				CLANG_ANALYZER_NUMBER_OBJECT_CONVERSION = YES_AGGRESSIVE;
				CLANG_CXX_LANGUAGE_STANDARD = "gnu++14";
				CLANG_CXX_LIBRARY = "libc++";
				CLANG_ENABLE_MODULES = YES;
				CLANG_ENABLE_OBJC_WEAK = YES;
				CLANG_WARN_BLOCK_CAPTURE_AUTORELEASING = YES;
				CLANG_WARN_BOOL_CONVERSION = YES;
				CLANG_WARN_COMMA = YES;
				CLANG_WARN_CONSTANT_CONVERSION = YES;
				CLANG_WARN_DEPRECATED_OBJC_IMPLEMENTATIONS = YES;
				CLANG_WARN_DIRECT_OBJC_ISA_USAGE = YES_ERROR;
				CLANG_WARN_DOCUMENTATION_COMMENTS = YES;
				CLANG_WARN_EMPTY_BODY = YES;
				CLANG_WARN_ENUM_CONVERSION = YES;
				CLANG_WARN_INFINITE_RECURSION = YES;
				CLANG_WARN_INT_CONVERSION = YES;
				CLANG_WARN_NON_LITERAL_NULL_CONVERSION = YES;
				CLANG_WARN_OBJC_IMPLICIT_RETAIN_SELF = YES;
				CLANG_WARN_OBJC_LITERAL_CONVERSION = YES;
				CLANG_WARN_OBJC_ROOT_CLASS = YES_ERROR;
				CLANG_WARN_RANGE_LOOP_ANALYSIS = YES;
				CLANG_WARN_STRICT_PROTOTYPES = YES;
				CLANG_WARN_SUSPICIOUS_MOVE = YES;
				CLANG_WARN_UNGUARDED_AVAILABILITY = YES_AGGRESSIVE;
				CLANG_WARN_UNREACHABLE_CODE = YES;
				CLANG_WARN__DUPLICATE_METHOD_MATCH = YES;
				CODE_SIGN_STYLE = Manual;
				COMBINE_HIDPI_IMAGES = YES;
				COPY_PHASE_STRIP = NO;
				DEVELOPMENT_TEAM = "";
				ENABLE_NS_ASSERTIONS = NO;
				ENABLE_STRICT_OBJC_MSGSEND = YES;
				GCC_C_LANGUAGE_STANDARD = gnu11;
				GCC_NO_COMMON_BLOCKS = YES;
				GCC_OPTIMIZATION_LEVEL = fast;
				GCC_WARN_64_TO_32_BIT_CONVERSION = YES;
				GCC_WARN_ABOUT_RETURN_TYPE = YES_ERROR;
				GCC_WARN_UNDECLARED_SELECTOR = YES;
				GCC_WARN_UNINITIALIZED_AUTOS = YES_AGGRESSIVE;
				GCC_WARN_UNUSED_FUNCTION = YES;
				GCC_WARN_UNUSED_VARIABLE = YES;
				INFOPLIST_FILE = Tests/Info.plist;
				LD_RUNPATH_SEARCH_PATHS = "$(inherited) @executable_path/../Frameworks @loader_path/../Frameworks";
				MACOSX_DEPLOYMENT_TARGET = 10.13;
				MTL_ENABLE_DEBUG_INFO = NO;
				PRODUCT_BUNDLE_IDENTIFIER = "com.ym.JSONtoCodable-macOSTests";
				PRODUCT_NAME = "$(TARGET_NAME)";
				PROVISIONING_PROFILE_SPECIFIER = "";
				SUPPORTED_PLATFORMS = macosx;
				SWIFT_OPTIMIZATION_LEVEL = "-O";
				SWIFT_VERSION = 4.2;
			};
			name = Release;
		};
		OBJ_3 /* Debug */ = {
			isa = XCBuildConfiguration;
			buildSettings = {
				CLANG_ENABLE_OBJC_ARC = YES;
				CLANG_WARN_BLOCK_CAPTURE_AUTORELEASING = YES;
				CLANG_WARN_BOOL_CONVERSION = YES;
				CLANG_WARN_COMMA = YES;
				CLANG_WARN_CONSTANT_CONVERSION = YES;
				CLANG_WARN_DEPRECATED_OBJC_IMPLEMENTATIONS = YES;
				CLANG_WARN_EMPTY_BODY = YES;
				CLANG_WARN_ENUM_CONVERSION = YES;
				CLANG_WARN_INFINITE_RECURSION = YES;
				CLANG_WARN_INT_CONVERSION = YES;
				CLANG_WARN_NON_LITERAL_NULL_CONVERSION = YES;
				CLANG_WARN_OBJC_IMPLICIT_RETAIN_SELF = YES;
				CLANG_WARN_OBJC_LITERAL_CONVERSION = YES;
				CLANG_WARN_RANGE_LOOP_ANALYSIS = YES;
				CLANG_WARN_STRICT_PROTOTYPES = YES;
				CLANG_WARN_SUSPICIOUS_MOVE = YES;
				CLANG_WARN_UNREACHABLE_CODE = YES;
				CLANG_WARN__DUPLICATE_METHOD_MATCH = YES;
				COMBINE_HIDPI_IMAGES = YES;
				COPY_PHASE_STRIP = NO;
				DEBUG_INFORMATION_FORMAT = dwarf;
				DYLIB_INSTALL_NAME_BASE = "@rpath";
				ENABLE_NS_ASSERTIONS = YES;
				ENABLE_STRICT_OBJC_MSGSEND = YES;
				ENABLE_TESTABILITY = YES;
				GCC_NO_COMMON_BLOCKS = YES;
				GCC_OPTIMIZATION_LEVEL = 0;
				GCC_WARN_64_TO_32_BIT_CONVERSION = YES;
				GCC_WARN_ABOUT_RETURN_TYPE = YES;
				GCC_WARN_UNDECLARED_SELECTOR = YES;
				GCC_WARN_UNINITIALIZED_AUTOS = YES;
				GCC_WARN_UNUSED_FUNCTION = YES;
				GCC_WARN_UNUSED_VARIABLE = YES;
				MACOSX_DEPLOYMENT_TARGET = 10.10;
				ONLY_ACTIVE_ARCH = YES;
				OTHER_SWIFT_FLAGS = "-DXcode";
				PRODUCT_NAME = "$(TARGET_NAME)";
				SDKROOT = macosx;
				SUPPORTED_PLATFORMS = "macosx iphoneos iphonesimulator appletvos appletvsimulator watchos watchsimulator";
				SWIFT_ACTIVE_COMPILATION_CONDITIONS = SWIFT_PACKAGE;
				SWIFT_OPTIMIZATION_LEVEL = "-Onone";
				USE_HEADERMAP = NO;
			};
			name = Debug;
		};
		OBJ_4 /* Release */ = {
			isa = XCBuildConfiguration;
			buildSettings = {
				CLANG_ENABLE_OBJC_ARC = YES;
				CLANG_WARN_BLOCK_CAPTURE_AUTORELEASING = YES;
				CLANG_WARN_BOOL_CONVERSION = YES;
				CLANG_WARN_COMMA = YES;
				CLANG_WARN_CONSTANT_CONVERSION = YES;
				CLANG_WARN_DEPRECATED_OBJC_IMPLEMENTATIONS = YES;
				CLANG_WARN_EMPTY_BODY = YES;
				CLANG_WARN_ENUM_CONVERSION = YES;
				CLANG_WARN_INFINITE_RECURSION = YES;
				CLANG_WARN_INT_CONVERSION = YES;
				CLANG_WARN_NON_LITERAL_NULL_CONVERSION = YES;
				CLANG_WARN_OBJC_IMPLICIT_RETAIN_SELF = YES;
				CLANG_WARN_OBJC_LITERAL_CONVERSION = YES;
				CLANG_WARN_RANGE_LOOP_ANALYSIS = YES;
				CLANG_WARN_STRICT_PROTOTYPES = YES;
				CLANG_WARN_SUSPICIOUS_MOVE = YES;
				CLANG_WARN_UNREACHABLE_CODE = YES;
				CLANG_WARN__DUPLICATE_METHOD_MATCH = YES;
				COMBINE_HIDPI_IMAGES = YES;
				COPY_PHASE_STRIP = YES;
				DEBUG_INFORMATION_FORMAT = "dwarf-with-dsym";
				DYLIB_INSTALL_NAME_BASE = "@rpath";
				ENABLE_STRICT_OBJC_MSGSEND = YES;
				GCC_NO_COMMON_BLOCKS = YES;
				GCC_OPTIMIZATION_LEVEL = s;
				GCC_WARN_64_TO_32_BIT_CONVERSION = YES;
				GCC_WARN_ABOUT_RETURN_TYPE = YES;
				GCC_WARN_UNDECLARED_SELECTOR = YES;
				GCC_WARN_UNINITIALIZED_AUTOS = YES;
				GCC_WARN_UNUSED_FUNCTION = YES;
				GCC_WARN_UNUSED_VARIABLE = YES;
				MACOSX_DEPLOYMENT_TARGET = 10.10;
				OTHER_SWIFT_FLAGS = "-DXcode";
				PRODUCT_NAME = "$(TARGET_NAME)";
				SDKROOT = macosx;
				SUPPORTED_PLATFORMS = "macosx iphoneos iphonesimulator appletvos appletvsimulator watchos watchsimulator";
				SWIFT_ACTIVE_COMPILATION_CONDITIONS = SWIFT_PACKAGE;
				SWIFT_OPTIMIZATION_LEVEL = "-Owholemodule";
				USE_HEADERMAP = NO;
			};
			name = Release;
		};
/* End XCBuildConfiguration section */

/* Begin XCConfigurationList section */
		99BEE6CF2153A4D300985499 /* Build configuration list for PBXNativeTarget "JSONtoCodable iOS" */ = {
			isa = XCConfigurationList;
			buildConfigurations = (
				99BEE6D02153A4D300985499 /* Debug */,
				99BEE6D12153A4D300985499 /* Release */,
			);
			defaultConfigurationIsVisible = 0;
			defaultConfigurationName = Release;
		};
		99BEE6D22153A4D300985499 /* Build configuration list for PBXNativeTarget "JSONtoCodable iOSTests" */ = {
			isa = XCConfigurationList;
			buildConfigurations = (
				99BEE6D32153A4D300985499 /* Debug */,
				99BEE6D42153A4D300985499 /* Release */,
			);
			defaultConfigurationIsVisible = 0;
			defaultConfigurationName = Release;
		};
		99BEE6EE2153A55E00985499 /* Build configuration list for PBXNativeTarget "JSONtoCodable watchOS" */ = {
			isa = XCConfigurationList;
			buildConfigurations = (
				99BEE6EF2153A55E00985499 /* Debug */,
				99BEE6F02153A55E00985499 /* Release */,
			);
			defaultConfigurationIsVisible = 0;
			defaultConfigurationName = Release;
		};
		99BEE7072153A56E00985499 /* Build configuration list for PBXNativeTarget "JSONtoCodable tvOS" */ = {
			isa = XCConfigurationList;
			buildConfigurations = (
				99BEE7082153A56E00985499 /* Debug */,
				99BEE7092153A56E00985499 /* Release */,
			);
			defaultConfigurationIsVisible = 0;
			defaultConfigurationName = Release;
		};
		99BEE70A2153A56E00985499 /* Build configuration list for PBXNativeTarget "JSONtoCodable tvOSTests" */ = {
			isa = XCConfigurationList;
			buildConfigurations = (
				99BEE70B2153A56E00985499 /* Debug */,
				99BEE70C2153A56E00985499 /* Release */,
			);
			defaultConfigurationIsVisible = 0;
			defaultConfigurationName = Release;
		};
		99CD24E72153275800BB5C2A /* Build configuration list for PBXNativeTarget "JSONtoCodable macOS" */ = {
			isa = XCConfigurationList;
			buildConfigurations = (
				99CD24E82153275800BB5C2A /* Debug */,
				99CD24E92153275800BB5C2A /* Release */,
			);
			defaultConfigurationIsVisible = 0;
			defaultConfigurationName = Release;
		};
		99CD24EA2153275800BB5C2A /* Build configuration list for PBXNativeTarget "JSONtoCodable macOSTests" */ = {
			isa = XCConfigurationList;
			buildConfigurations = (
				99CD24EB2153275800BB5C2A /* Debug */,
				99CD24EC2153275800BB5C2A /* Release */,
			);
			defaultConfigurationIsVisible = 0;
			defaultConfigurationName = Release;
		};
		OBJ_2 /* Build configuration list for PBXProject "JSONtoCodable" */ = {
			isa = XCConfigurationList;
			buildConfigurations = (
				OBJ_3 /* Debug */,
				OBJ_4 /* Release */,
			);
			defaultConfigurationIsVisible = 0;
			defaultConfigurationName = Release;
		};
/* End XCConfigurationList section */
	};
	rootObject = OBJ_1 /* Project object */;
}
